// !$*UTF8*$!
{
	archiveVersion = 1;
	classes = {
	};
	objectVersion = 46;
	objects = {

/* Begin PBXBuildFile section */
		3904BAAB1CAC810E00275594 /* AudioToolbox.framework in Frameworks */ = {isa = PBXBuildFile; fileRef = 3904BAAA1CAC810E00275594 /* AudioToolbox.framework */; };
		390986921CB84FAA001A1602 /* Loop2.mp3 in Resources */ = {isa = PBXBuildFile; fileRef = 390986911CB84FAA001A1602 /* Loop2.mp3 */; };
		391291751CA3364200C7D295 /* TrackModel.m in Sources */ = {isa = PBXBuildFile; fileRef = 391291741CA3364200C7D295 /* TrackModel.m */; };
		39134AAA1C8E4B6600E5D83E /* TimelineModel.m in Sources */ = {isa = PBXBuildFile; fileRef = 39134AA91C8E4B6600E5D83E /* TimelineModel.m */; };
		39134AAE1C8E66B200E5D83E /* TimePoint.m in Sources */ = {isa = PBXBuildFile; fileRef = 39134AAD1C8E66B200E5D83E /* TimePoint.m */; };
		39136B111CB04786009E0448 /* button.png in Resources */ = {isa = PBXBuildFile; fileRef = 39136B101CB04786009E0448 /* button.png */; };
		39136B151CB049AF009E0448 /* ClipViewController.m in Sources */ = {isa = PBXBuildFile; fileRef = 39136B141CB049AF009E0448 /* ClipViewController.m */; };
		39164F391CBA977F0032732D /* clap-808.wav in Resources */ = {isa = PBXBuildFile; fileRef = 39164ED61CBA977F0032732D /* clap-808.wav */; };
		39164F3A1CBA977F0032732D /* clap-analog.wav in Resources */ = {isa = PBXBuildFile; fileRef = 39164ED71CBA977F0032732D /* clap-analog.wav */; };
		39164F3B1CBA977F0032732D /* clap-crushed.wav in Resources */ = {isa = PBXBuildFile; fileRef = 39164ED81CBA977F0032732D /* clap-crushed.wav */; };
		39164F3C1CBA977F0032732D /* clap-fat.wav in Resources */ = {isa = PBXBuildFile; fileRef = 39164ED91CBA977F0032732D /* clap-fat.wav */; };
		39164F3D1CBA977F0032732D /* clap-slapper.wav in Resources */ = {isa = PBXBuildFile; fileRef = 39164EDA1CBA977F0032732D /* clap-slapper.wav */; };
		39164F3E1CBA977F0032732D /* clap-tape.wav in Resources */ = {isa = PBXBuildFile; fileRef = 39164EDB1CBA977F0032732D /* clap-tape.wav */; };
		39164F3F1CBA977F0032732D /* cowbell-808.wav in Resources */ = {isa = PBXBuildFile; fileRef = 39164EDC1CBA977F0032732D /* cowbell-808.wav */; };
		39164F401CBA977F0032732D /* crash-808.wav in Resources */ = {isa = PBXBuildFile; fileRef = 39164EDD1CBA977F0032732D /* crash-808.wav */; };
		39164F411CBA977F0032732D /* crash-acoustic.wav in Resources */ = {isa = PBXBuildFile; fileRef = 39164EDE1CBA977F0032732D /* crash-acoustic.wav */; };
		39164F421CBA977F0032732D /* crash-noise.wav in Resources */ = {isa = PBXBuildFile; fileRef = 39164EDF1CBA977F0032732D /* crash-noise.wav */; };
		39164F431CBA977F0032732D /* crash-tape.wav in Resources */ = {isa = PBXBuildFile; fileRef = 39164EE01CBA977F0032732D /* crash-tape.wav */; };
		39164F441CBA977F0032732D /* hihat-808.wav in Resources */ = {isa = PBXBuildFile; fileRef = 39164EE11CBA977F0032732D /* hihat-808.wav */; };
		39164F451CBA977F0032732D /* hihat-acoustic01.wav in Resources */ = {isa = PBXBuildFile; fileRef = 39164EE21CBA977F0032732D /* hihat-acoustic01.wav */; };
		39164F461CBA977F0032732D /* hihat-acoustic02.wav in Resources */ = {isa = PBXBuildFile; fileRef = 39164EE31CBA977F0032732D /* hihat-acoustic02.wav */; };
		39164F471CBA977F0032732D /* hihat-analog.wav in Resources */ = {isa = PBXBuildFile; fileRef = 39164EE41CBA977F0032732D /* hihat-analog.wav */; };
		39164F481CBA977F0032732D /* hihat-digital.wav in Resources */ = {isa = PBXBuildFile; fileRef = 39164EE51CBA977F0032732D /* hihat-digital.wav */; };
		39164F491CBA977F0032732D /* hihat-dist01.wav in Resources */ = {isa = PBXBuildFile; fileRef = 39164EE61CBA977F0032732D /* hihat-dist01.wav */; };
		39164F4A1CBA977F0032732D /* hihat-dist02.wav in Resources */ = {isa = PBXBuildFile; fileRef = 39164EE71CBA977F0032732D /* hihat-dist02.wav */; };
		39164F4B1CBA977F0032732D /* hihat-electro.wav in Resources */ = {isa = PBXBuildFile; fileRef = 39164EE81CBA977F0032732D /* hihat-electro.wav */; };
		39164F4C1CBA977F0032732D /* hihat-plain.wav in Resources */ = {isa = PBXBuildFile; fileRef = 39164EE91CBA977F0032732D /* hihat-plain.wav */; };
		39164F4D1CBA977F0032732D /* hihat-reso.wav in Resources */ = {isa = PBXBuildFile; fileRef = 39164EEA1CBA977F0032732D /* hihat-reso.wav */; };
		39164F4E1CBA977F0032732D /* hihat-ring.wav in Resources */ = {isa = PBXBuildFile; fileRef = 39164EEB1CBA977F0032732D /* hihat-ring.wav */; };
		39164F4F1CBA977F0032732D /* kick-808.wav in Resources */ = {isa = PBXBuildFile; fileRef = 39164EEC1CBA977F0032732D /* kick-808.wav */; };
		39164F501CBA977F0032732D /* kick-acoustic01.wav in Resources */ = {isa = PBXBuildFile; fileRef = 39164EED1CBA977F0032732D /* kick-acoustic01.wav */; };
		39164F511CBA977F0032732D /* kick-acoustic02.wav in Resources */ = {isa = PBXBuildFile; fileRef = 39164EEE1CBA977F0032732D /* kick-acoustic02.wav */; };
		39164F521CBA977F0032732D /* kick-big.wav in Resources */ = {isa = PBXBuildFile; fileRef = 39164EEF1CBA977F0032732D /* kick-big.wav */; };
		39164F531CBA977F0032732D /* kick-classic.wav in Resources */ = {isa = PBXBuildFile; fileRef = 39164EF01CBA977F0032732D /* kick-classic.wav */; };
		39164F541CBA977F0032732D /* kick-cultivator.wav in Resources */ = {isa = PBXBuildFile; fileRef = 39164EF11CBA977F0032732D /* kick-cultivator.wav */; };
		39164F551CBA977F0032732D /* kick-deep.wav in Resources */ = {isa = PBXBuildFile; fileRef = 39164EF21CBA977F0032732D /* kick-deep.wav */; };
		39164F561CBA977F0032732D /* kick-dry.wav in Resources */ = {isa = PBXBuildFile; fileRef = 39164EF31CBA977F0032732D /* kick-dry.wav */; };
		39164F571CBA977F0032732D /* kick-electro01.wav in Resources */ = {isa = PBXBuildFile; fileRef = 39164EF41CBA977F0032732D /* kick-electro01.wav */; };
		39164F581CBA977F0032732D /* kick-electro02.wav in Resources */ = {isa = PBXBuildFile; fileRef = 39164EF51CBA977F0032732D /* kick-electro02.wav */; };
		39164F591CBA977F0032732D /* kick-floppy.wav in Resources */ = {isa = PBXBuildFile; fileRef = 39164EF61CBA977F0032732D /* kick-floppy.wav */; };
		39164F5A1CBA977F0032732D /* kick-gritty.wav in Resources */ = {isa = PBXBuildFile; fileRef = 39164EF71CBA977F0032732D /* kick-gritty.wav */; };
		39164F5B1CBA977F0032732D /* kick-heavy.wav in Resources */ = {isa = PBXBuildFile; fileRef = 39164EF81CBA977F0032732D /* kick-heavy.wav */; };
		39164F5C1CBA977F0032732D /* kick-newwave.wav in Resources */ = {isa = PBXBuildFile; fileRef = 39164EF91CBA977F0032732D /* kick-newwave.wav */; };
		39164F5D1CBA977F0032732D /* kick-oldschool.wav in Resources */ = {isa = PBXBuildFile; fileRef = 39164EFA1CBA977F0032732D /* kick-oldschool.wav */; };
		39164F5E1CBA977F0032732D /* kick-plain.wav in Resources */ = {isa = PBXBuildFile; fileRef = 39164EFB1CBA977F0032732D /* kick-plain.wav */; };
		39164F5F1CBA977F0032732D /* kick-slapback.wav in Resources */ = {isa = PBXBuildFile; fileRef = 39164EFC1CBA977F0032732D /* kick-slapback.wav */; };
		39164F601CBA977F0032732D /* kick-softy.wav in Resources */ = {isa = PBXBuildFile; fileRef = 39164EFD1CBA977F0032732D /* kick-softy.wav */; };
		39164F611CBA977F0032732D /* kick-stomp.wav in Resources */ = {isa = PBXBuildFile; fileRef = 39164EFE1CBA977F0032732D /* kick-stomp.wav */; };
		39164F621CBA977F0032732D /* kick-tape.wav in Resources */ = {isa = PBXBuildFile; fileRef = 39164EFF1CBA977F0032732D /* kick-tape.wav */; };
		39164F631CBA977F0032732D /* kick-thump.wav in Resources */ = {isa = PBXBuildFile; fileRef = 39164F001CBA977F0032732D /* kick-thump.wav */; };
		39164F641CBA977F0032732D /* kick-tight.wav in Resources */ = {isa = PBXBuildFile; fileRef = 39164F011CBA977F0032732D /* kick-tight.wav */; };
		39164F651CBA977F0032732D /* kick-tron.wav in Resources */ = {isa = PBXBuildFile; fileRef = 39164F021CBA977F0032732D /* kick-tron.wav */; };
		39164F661CBA977F0032732D /* kick-vinyl01.wav in Resources */ = {isa = PBXBuildFile; fileRef = 39164F031CBA977F0032732D /* kick-vinyl01.wav */; };
		39164F671CBA977F0032732D /* kick-vinyl02.wav in Resources */ = {isa = PBXBuildFile; fileRef = 39164F041CBA977F0032732D /* kick-vinyl02.wav */; };
		39164F681CBA977F0032732D /* kick-zapper.wav in Resources */ = {isa = PBXBuildFile; fileRef = 39164F051CBA977F0032732D /* kick-zapper.wav */; };
		39164F691CBA977F0032732D /* openhat-808.wav in Resources */ = {isa = PBXBuildFile; fileRef = 39164F061CBA977F0032732D /* openhat-808.wav */; };
		39164F6A1CBA977F0032732D /* openhat-acoustic01.wav in Resources */ = {isa = PBXBuildFile; fileRef = 39164F071CBA977F0032732D /* openhat-acoustic01.wav */; };
		39164F6B1CBA977F0032732D /* openhat-analog.wav in Resources */ = {isa = PBXBuildFile; fileRef = 39164F081CBA977F0032732D /* openhat-analog.wav */; };
		39164F6C1CBA977F0032732D /* openhat-slick.wav in Resources */ = {isa = PBXBuildFile; fileRef = 39164F091CBA977F0032732D /* openhat-slick.wav */; };
		39164F6D1CBA977F0032732D /* openhat-tight.wav in Resources */ = {isa = PBXBuildFile; fileRef = 39164F0A1CBA977F0032732D /* openhat-tight.wav */; };
		39164F6E1CBA977F0032732D /* perc-808.wav in Resources */ = {isa = PBXBuildFile; fileRef = 39164F0B1CBA977F0032732D /* perc-808.wav */; };
		39164F6F1CBA977F0032732D /* perc-chirpy.wav in Resources */ = {isa = PBXBuildFile; fileRef = 39164F0C1CBA977F0032732D /* perc-chirpy.wav */; };
		39164F701CBA977F0032732D /* perc-hollow.wav in Resources */ = {isa = PBXBuildFile; fileRef = 39164F0D1CBA977F0032732D /* perc-hollow.wav */; };
		39164F711CBA977F0032732D /* perc-laser.wav in Resources */ = {isa = PBXBuildFile; fileRef = 39164F0E1CBA977F0032732D /* perc-laser.wav */; };
		39164F721CBA977F0032732D /* perc-metal.wav in Resources */ = {isa = PBXBuildFile; fileRef = 39164F0F1CBA977F0032732D /* perc-metal.wav */; };
		39164F731CBA977F0032732D /* perc-nasty.wav in Resources */ = {isa = PBXBuildFile; fileRef = 39164F101CBA977F0032732D /* perc-nasty.wav */; };
		39164F741CBA977F0032732D /* perc-short.wav in Resources */ = {isa = PBXBuildFile; fileRef = 39164F111CBA977F0032732D /* perc-short.wav */; };
		39164F751CBA977F0032732D /* perc-tambo.wav in Resources */ = {isa = PBXBuildFile; fileRef = 39164F121CBA977F0032732D /* perc-tambo.wav */; };
		39164F761CBA977F0032732D /* perc-tribal.wav in Resources */ = {isa = PBXBuildFile; fileRef = 39164F131CBA977F0032732D /* perc-tribal.wav */; };
		39164F771CBA977F0032732D /* perc-weirdo.wav in Resources */ = {isa = PBXBuildFile; fileRef = 39164F141CBA977F0032732D /* perc-weirdo.wav */; };
		39164F781CBA977F0032732D /* ride-acoustic01.wav in Resources */ = {isa = PBXBuildFile; fileRef = 39164F151CBA977F0032732D /* ride-acoustic01.wav */; };
		39164F791CBA977F0032732D /* ride-acoustic02.wav in Resources */ = {isa = PBXBuildFile; fileRef = 39164F161CBA977F0032732D /* ride-acoustic02.wav */; };
		39164F7A1CBA977F0032732D /* shaker-analog.wav in Resources */ = {isa = PBXBuildFile; fileRef = 39164F171CBA977F0032732D /* shaker-analog.wav */; };
		39164F7B1CBA977F0032732D /* shaker-shuffle.wav in Resources */ = {isa = PBXBuildFile; fileRef = 39164F181CBA977F0032732D /* shaker-shuffle.wav */; };
		39164F7C1CBA977F0032732D /* shaker-suckup.wav in Resources */ = {isa = PBXBuildFile; fileRef = 39164F191CBA977F0032732D /* shaker-suckup.wav */; };
		39164F7D1CBA977F0032732D /* snare-808.wav in Resources */ = {isa = PBXBuildFile; fileRef = 39164F1A1CBA977F0032732D /* snare-808.wav */; };
		39164F7E1CBA977F0032732D /* snare-acoustic01.wav in Resources */ = {isa = PBXBuildFile; fileRef = 39164F1B1CBA977F0032732D /* snare-acoustic01.wav */; };
		39164F7F1CBA977F0032732D /* snare-acoustic02.wav in Resources */ = {isa = PBXBuildFile; fileRef = 39164F1C1CBA977F0032732D /* snare-acoustic02.wav */; };
		39164F801CBA977F0032732D /* snare-analog.wav in Resources */ = {isa = PBXBuildFile; fileRef = 39164F1D1CBA977F0032732D /* snare-analog.wav */; };
		39164F811CBA977F0032732D /* snare-big.wav in Resources */ = {isa = PBXBuildFile; fileRef = 39164F1E1CBA977F0032732D /* snare-big.wav */; };
		39164F821CBA977F0032732D /* snare-block.wav in Resources */ = {isa = PBXBuildFile; fileRef = 39164F1F1CBA977F0032732D /* snare-block.wav */; };
		39164F831CBA977F0032732D /* snare-brute.wav in Resources */ = {isa = PBXBuildFile; fileRef = 39164F201CBA977F0032732D /* snare-brute.wav */; };
		39164F841CBA977F0032732D /* snare-dist01.wav in Resources */ = {isa = PBXBuildFile; fileRef = 39164F211CBA977F0032732D /* snare-dist01.wav */; };
		39164F851CBA977F0032732D /* snare-dist02.wav in Resources */ = {isa = PBXBuildFile; fileRef = 39164F221CBA977F0032732D /* snare-dist02.wav */; };
		39164F861CBA977F0032732D /* snare-dist03.wav in Resources */ = {isa = PBXBuildFile; fileRef = 39164F231CBA977F0032732D /* snare-dist03.wav */; };
		39164F871CBA977F0032732D /* snare-electro.wav in Resources */ = {isa = PBXBuildFile; fileRef = 39164F241CBA977F0032732D /* snare-electro.wav */; };
		39164F881CBA977F0032732D /* snare-lofi01.wav in Resources */ = {isa = PBXBuildFile; fileRef = 39164F251CBA977F0032732D /* snare-lofi01.wav */; };
		39164F891CBA977F0032732D /* snare-lofi02.wav in Resources */ = {isa = PBXBuildFile; fileRef = 39164F261CBA977F0032732D /* snare-lofi02.wav */; };
		39164F8A1CBA977F0032732D /* snare-modular.wav in Resources */ = {isa = PBXBuildFile; fileRef = 39164F271CBA977F0032732D /* snare-modular.wav */; };
		39164F8B1CBA977F0032732D /* snare-noise.wav in Resources */ = {isa = PBXBuildFile; fileRef = 39164F281CBA977F0032732D /* snare-noise.wav */; };
		39164F8C1CBA977F0032732D /* snare-pinch.wav in Resources */ = {isa = PBXBuildFile; fileRef = 39164F291CBA977F0032732D /* snare-pinch.wav */; };
		39164F8D1CBA977F0032732D /* snare-punch.wav in Resources */ = {isa = PBXBuildFile; fileRef = 39164F2A1CBA977F0032732D /* snare-punch.wav */; };
		39164F8E1CBA977F0032732D /* snare-smasher.wav in Resources */ = {isa = PBXBuildFile; fileRef = 39164F2B1CBA977F0032732D /* snare-smasher.wav */; };
		39164F8F1CBA977F0032732D /* snare-sumo.wav in Resources */ = {isa = PBXBuildFile; fileRef = 39164F2C1CBA977F0032732D /* snare-sumo.wav */; };
		39164F901CBA977F0032732D /* snare-tape.wav in Resources */ = {isa = PBXBuildFile; fileRef = 39164F2D1CBA977F0032732D /* snare-tape.wav */; };
		39164F911CBA977F0032732D /* snare-vinyl01.wav in Resources */ = {isa = PBXBuildFile; fileRef = 39164F2E1CBA977F0032732D /* snare-vinyl01.wav */; };
		39164F921CBA977F0032732D /* snare-vinyl02.wav in Resources */ = {isa = PBXBuildFile; fileRef = 39164F2F1CBA977F0032732D /* snare-vinyl02.wav */; };
		39164F931CBA977F0032732D /* tom-808.wav in Resources */ = {isa = PBXBuildFile; fileRef = 39164F301CBA977F0032732D /* tom-808.wav */; };
		39164F941CBA977F0032732D /* tom-acoustic01.wav in Resources */ = {isa = PBXBuildFile; fileRef = 39164F311CBA977F0032732D /* tom-acoustic01.wav */; };
		39164F951CBA977F0032732D /* tom-acoustic02.wav in Resources */ = {isa = PBXBuildFile; fileRef = 39164F321CBA977F0032732D /* tom-acoustic02.wav */; };
		39164F961CBA977F0032732D /* tom-analog.wav in Resources */ = {isa = PBXBuildFile; fileRef = 39164F331CBA977F0032732D /* tom-analog.wav */; };
		39164F971CBA977F0032732D /* tom-chiptune.wav in Resources */ = {isa = PBXBuildFile; fileRef = 39164F341CBA977F0032732D /* tom-chiptune.wav */; };
		39164F981CBA977F0032732D /* tom-fm.wav in Resources */ = {isa = PBXBuildFile; fileRef = 39164F351CBA977F0032732D /* tom-fm.wav */; };
		39164F991CBA977F0032732D /* tom-lofi.wav in Resources */ = {isa = PBXBuildFile; fileRef = 39164F361CBA977F0032732D /* tom-lofi.wav */; };
		39164F9A1CBA977F0032732D /* tom-rototom.wav in Resources */ = {isa = PBXBuildFile; fileRef = 39164F371CBA977F0032732D /* tom-rototom.wav */; };
		39164F9B1CBA977F0032732D /* tom-short.wav in Resources */ = {isa = PBXBuildFile; fileRef = 39164F381CBA977F0032732D /* tom-short.wav */; };
		395FC1051C7A849C00ED1E51 /* main.m in Sources */ = {isa = PBXBuildFile; fileRef = 395FC1041C7A849C00ED1E51 /* main.m */; };
		395FC1081C7A849C00ED1E51 /* AppDelegate.m in Sources */ = {isa = PBXBuildFile; fileRef = 395FC1071C7A849C00ED1E51 /* AppDelegate.m */; };
		395FC10B1C7A849C00ED1E51 /* ViewController.m in Sources */ = {isa = PBXBuildFile; fileRef = 395FC10A1C7A849C00ED1E51 /* ViewController.m */; };
		395FC10E1C7A849C00ED1E51 /* Main.storyboard in Resources */ = {isa = PBXBuildFile; fileRef = 395FC10C1C7A849C00ED1E51 /* Main.storyboard */; };
		395FC1101C7A849C00ED1E51 /* Assets.xcassets in Resources */ = {isa = PBXBuildFile; fileRef = 395FC10F1C7A849C00ED1E51 /* Assets.xcassets */; };
		395FC1131C7A849C00ED1E51 /* LaunchScreen.storyboard in Resources */ = {isa = PBXBuildFile; fileRef = 395FC1111C7A849C00ED1E51 /* LaunchScreen.storyboard */; };
		395FC11C1C7A900A00ED1E51 /* TimelineViewController.m in Sources */ = {isa = PBXBuildFile; fileRef = 395FC11B1C7A900A00ED1E51 /* TimelineViewController.m */; };
		395FC1221C7A906500ED1E51 /* SpriteKit.framework in Frameworks */ = {isa = PBXBuildFile; fileRef = 395FC1211C7A906500ED1E51 /* SpriteKit.framework */; };
		395FC1251C7A90AA00ED1E51 /* TimelineScene.m in Sources */ = {isa = PBXBuildFile; fileRef = 395FC1241C7A90AA00ED1E51 /* TimelineScene.m */; };
		3984D62A1CB755E800BA025B /* AEArray.m in Sources */ = {isa = PBXBuildFile; fileRef = 3984D5DE1CB755E800BA025B /* AEArray.m */; };
		3984D62B1CB755E800BA025B /* AEBufferStack.m in Sources */ = {isa = PBXBuildFile; fileRef = 3984D5E01CB755E800BA025B /* AEBufferStack.m */; };
		3984D62C1CB755E800BA025B /* AEManagedValue.m in Sources */ = {isa = PBXBuildFile; fileRef = 3984D5E21CB755E800BA025B /* AEManagedValue.m */; };
		3984D62D1CB755E800BA025B /* AETypes.m in Sources */ = {isa = PBXBuildFile; fileRef = 3984D5E41CB755E800BA025B /* AETypes.m */; };
		3984D62E1CB755E800BA025B /* README.markdown in Sources */ = {isa = PBXBuildFile; fileRef = 3984D5E71CB755E800BA025B /* README.markdown */; };
		3984D62F1CB755E800BA025B /* TPCircularBuffer+AudioBufferList.c in Sources */ = {isa = PBXBuildFile; fileRef = 3984D5E81CB755E800BA025B /* TPCircularBuffer+AudioBufferList.c */; };
		3984D6301CB755E800BA025B /* TPCircularBuffer.c in Sources */ = {isa = PBXBuildFile; fileRef = 3984D5EA1CB755E800BA025B /* TPCircularBuffer.c */; };
		3984D6311CB755E800BA025B /* AEAudioUnitModule.m in Sources */ = {isa = PBXBuildFile; fileRef = 3984D5EE1CB755E800BA025B /* AEAudioUnitModule.m */; };
		3984D6321CB755E800BA025B /* AEModule.m in Sources */ = {isa = PBXBuildFile; fileRef = 3984D5F01CB755E800BA025B /* AEModule.m */; };
		3984D6331CB755E800BA025B /* AEAudioFilePlayerModule.m in Sources */ = {isa = PBXBuildFile; fileRef = 3984D5F31CB755E800BA025B /* AEAudioFilePlayerModule.m */; };
		3984D6341CB755E800BA025B /* AEAudioUnitInputModule.m in Sources */ = {isa = PBXBuildFile; fileRef = 3984D5F51CB755E800BA025B /* AEAudioUnitInputModule.m */; };
		3984D6351CB755E800BA025B /* AEOscillatorModule.m in Sources */ = {isa = PBXBuildFile; fileRef = 3984D5F71CB755E800BA025B /* AEOscillatorModule.m */; };
		3984D6361CB755E800BA025B /* AEBandpassModule.m in Sources */ = {isa = PBXBuildFile; fileRef = 3984D5FA1CB755E800BA025B /* AEBandpassModule.m */; };
		3984D6371CB755E800BA025B /* AEDelayModule.m in Sources */ = {isa = PBXBuildFile; fileRef = 3984D5FC1CB755E800BA025B /* AEDelayModule.m */; };
		3984D6381CB755E800BA025B /* AEDistortionModule.m in Sources */ = {isa = PBXBuildFile; fileRef = 3984D5FE1CB755E800BA025B /* AEDistortionModule.m */; };
		3984D6391CB755E800BA025B /* AEDynamicsProcessorModule.m in Sources */ = {isa = PBXBuildFile; fileRef = 3984D6001CB755E800BA025B /* AEDynamicsProcessorModule.m */; };
		3984D63A1CB755E800BA025B /* AEHighPassModule.m in Sources */ = {isa = PBXBuildFile; fileRef = 3984D6021CB755E800BA025B /* AEHighPassModule.m */; };
		3984D63B1CB755E800BA025B /* AEHighShelfModule.m in Sources */ = {isa = PBXBuildFile; fileRef = 3984D6041CB755E800BA025B /* AEHighShelfModule.m */; };
		3984D63C1CB755E800BA025B /* AELowPassModule.m in Sources */ = {isa = PBXBuildFile; fileRef = 3984D6061CB755E800BA025B /* AELowPassModule.m */; };
		3984D63D1CB755E800BA025B /* AELowShelfModule.m in Sources */ = {isa = PBXBuildFile; fileRef = 3984D6081CB755E800BA025B /* AELowShelfModule.m */; };
		3984D63E1CB755E800BA025B /* AENewTimePitchModule.m in Sources */ = {isa = PBXBuildFile; fileRef = 3984D60A1CB755E800BA025B /* AENewTimePitchModule.m */; };
		3984D63F1CB755E800BA025B /* AEParametricEqModule.m in Sources */ = {isa = PBXBuildFile; fileRef = 3984D60C1CB755E800BA025B /* AEParametricEqModule.m */; };
		3984D6401CB755E800BA025B /* AEPeakLimiterModule.m in Sources */ = {isa = PBXBuildFile; fileRef = 3984D60E1CB755E800BA025B /* AEPeakLimiterModule.m */; };
		3984D6411CB755E800BA025B /* AEReverbModule.m in Sources */ = {isa = PBXBuildFile; fileRef = 3984D6101CB755E800BA025B /* AEReverbModule.m */; };
		3984D6421CB755E800BA025B /* AEVarispeedModule.m in Sources */ = {isa = PBXBuildFile; fileRef = 3984D6121CB755E800BA025B /* AEVarispeedModule.m */; };
		3984D6431CB755E800BA025B /* AEFileRecorderModule.m in Sources */ = {isa = PBXBuildFile; fileRef = 3984D6151CB755E800BA025B /* AEFileRecorderModule.m */; };
		3984D6441CB755E800BA025B /* AEAudioUnitOutput.m in Sources */ = {isa = PBXBuildFile; fileRef = 3984D6181CB755E800BA025B /* AEAudioUnitOutput.m */; };
		3984D6451CB755E800BA025B /* AERenderer.m in Sources */ = {isa = PBXBuildFile; fileRef = 3984D61B1CB755E800BA025B /* AERenderer.m */; };
		3984D6461CB755E800BA025B /* AEAudioBufferListUtilities.m in Sources */ = {isa = PBXBuildFile; fileRef = 3984D61F1CB755E800BA025B /* AEAudioBufferListUtilities.m */; };
		3984D6471CB755E800BA025B /* AEDSPUtilities.m in Sources */ = {isa = PBXBuildFile; fileRef = 3984D6211CB755E800BA025B /* AEDSPUtilities.m */; };
		3984D6481CB755E800BA025B /* AEIOAudioUnit.m in Sources */ = {isa = PBXBuildFile; fileRef = 3984D6231CB755E800BA025B /* AEIOAudioUnit.m */; };
		3984D6491CB755E800BA025B /* AEMessageQueue.m in Sources */ = {isa = PBXBuildFile; fileRef = 3984D6251CB755E800BA025B /* AEMessageQueue.m */; };
		3984D64A1CB755E800BA025B /* AETime.m in Sources */ = {isa = PBXBuildFile; fileRef = 3984D6271CB755E800BA025B /* AETime.m */; };
		3984D64B1CB755E800BA025B /* AEUtilities.m in Sources */ = {isa = PBXBuildFile; fileRef = 3984D6291CB755E800BA025B /* AEUtilities.m */; };
		399BD59C1CA99E5A00D48AD0 /* Loop.mp3 in Resources */ = {isa = PBXBuildFile; fileRef = 399BD59B1CA99E5A00D48AD0 /* Loop.mp3 */; };
		39BD5FCC1CB743AC007CB634 /* AudioController.m in Sources */ = {isa = PBXBuildFile; fileRef = 39BD5FCB1CB743AC007CB634 /* AudioController.m */; };
		39C1DD511CB97C040060E86A /* ClipLoadViewController.m in Sources */ = {isa = PBXBuildFile; fileRef = 39C1DD501CB97C040060E86A /* ClipLoadViewController.m */; };
		39C741241CA74A4A004EB1B3 /* MobileCoreServices.framework in Frameworks */ = {isa = PBXBuildFile; fileRef = 39C741231CA74A4A004EB1B3 /* MobileCoreServices.framework */; };
		39C7412A1CA75423004EB1B3 /* AudioShareSDK.m in Sources */ = {isa = PBXBuildFile; fileRef = 39C741291CA75423004EB1B3 /* AudioShareSDK.m */; };
		39EE449A1CAAF219008B1502 /* libMidiBus.a in Frameworks */ = {isa = PBXBuildFile; fileRef = 39EE44931CAAF219008B1502 /* libMidiBus.a */; };
		39EE449B1CAAF219008B1502 /* MidiBusClient.m in Sources */ = {isa = PBXBuildFile; fileRef = 39EE44971CAAF219008B1502 /* MidiBusClient.m */; };
		39EE449C1CAAF219008B1502 /* omac_apps.plist in Resources */ = {isa = PBXBuildFile; fileRef = 39EE44981CAAF219008B1502 /* omac_apps.plist */; };
/* End PBXBuildFile section */

/* Begin PBXFileReference section */
		3904BAAA1CAC810E00275594 /* AudioToolbox.framework */ = {isa = PBXFileReference; lastKnownFileType = wrapper.framework; name = AudioToolbox.framework; path = System/Library/Frameworks/AudioToolbox.framework; sourceTree = SDKROOT; };
		390986911CB84FAA001A1602 /* Loop2.mp3 */ = {isa = PBXFileReference; lastKnownFileType = audio.mp3; path = Loop2.mp3; sourceTree = "<group>"; };
		391291731CA3364200C7D295 /* TrackModel.h */ = {isa = PBXFileReference; fileEncoding = 4; lastKnownFileType = sourcecode.c.h; path = TrackModel.h; sourceTree = "<group>"; };
		391291741CA3364200C7D295 /* TrackModel.m */ = {isa = PBXFileReference; fileEncoding = 4; lastKnownFileType = sourcecode.c.objc; path = TrackModel.m; sourceTree = "<group>"; };
		39134AA81C8E4B6600E5D83E /* TimelineModel.h */ = {isa = PBXFileReference; fileEncoding = 4; lastKnownFileType = sourcecode.c.h; path = TimelineModel.h; sourceTree = "<group>"; };
		39134AA91C8E4B6600E5D83E /* TimelineModel.m */ = {isa = PBXFileReference; fileEncoding = 4; lastKnownFileType = sourcecode.c.objc; path = TimelineModel.m; sourceTree = "<group>"; };
		39134AAC1C8E66B200E5D83E /* TimePoint.h */ = {isa = PBXFileReference; fileEncoding = 4; lastKnownFileType = sourcecode.c.h; path = TimePoint.h; sourceTree = "<group>"; };
		39134AAD1C8E66B200E5D83E /* TimePoint.m */ = {isa = PBXFileReference; fileEncoding = 4; lastKnownFileType = sourcecode.c.objc; path = TimePoint.m; sourceTree = "<group>"; };
		39136B101CB04786009E0448 /* button.png */ = {isa = PBXFileReference; lastKnownFileType = image.png; name = button.png; path = ../../../../Desktop/button.png; sourceTree = "<group>"; };
		39136B131CB049AF009E0448 /* ClipViewController.h */ = {isa = PBXFileReference; fileEncoding = 4; lastKnownFileType = sourcecode.c.h; path = ClipViewController.h; sourceTree = "<group>"; };
		39136B141CB049AF009E0448 /* ClipViewController.m */ = {isa = PBXFileReference; fileEncoding = 4; lastKnownFileType = sourcecode.c.objc; path = ClipViewController.m; sourceTree = "<group>"; };
		39164ED61CBA977F0032732D /* clap-808.wav */ = {isa = PBXFileReference; lastKnownFileType = audio.wav; path = "clap-808.wav"; sourceTree = "<group>"; };
		39164ED71CBA977F0032732D /* clap-analog.wav */ = {isa = PBXFileReference; lastKnownFileType = audio.wav; path = "clap-analog.wav"; sourceTree = "<group>"; };
		39164ED81CBA977F0032732D /* clap-crushed.wav */ = {isa = PBXFileReference; lastKnownFileType = audio.wav; path = "clap-crushed.wav"; sourceTree = "<group>"; };
		39164ED91CBA977F0032732D /* clap-fat.wav */ = {isa = PBXFileReference; lastKnownFileType = audio.wav; path = "clap-fat.wav"; sourceTree = "<group>"; };
		39164EDA1CBA977F0032732D /* clap-slapper.wav */ = {isa = PBXFileReference; lastKnownFileType = audio.wav; path = "clap-slapper.wav"; sourceTree = "<group>"; };
		39164EDB1CBA977F0032732D /* clap-tape.wav */ = {isa = PBXFileReference; lastKnownFileType = audio.wav; path = "clap-tape.wav"; sourceTree = "<group>"; };
		39164EDC1CBA977F0032732D /* cowbell-808.wav */ = {isa = PBXFileReference; lastKnownFileType = audio.wav; path = "cowbell-808.wav"; sourceTree = "<group>"; };
		39164EDD1CBA977F0032732D /* crash-808.wav */ = {isa = PBXFileReference; lastKnownFileType = audio.wav; path = "crash-808.wav"; sourceTree = "<group>"; };
		39164EDE1CBA977F0032732D /* crash-acoustic.wav */ = {isa = PBXFileReference; lastKnownFileType = audio.wav; path = "crash-acoustic.wav"; sourceTree = "<group>"; };
		39164EDF1CBA977F0032732D /* crash-noise.wav */ = {isa = PBXFileReference; lastKnownFileType = audio.wav; path = "crash-noise.wav"; sourceTree = "<group>"; };
		39164EE01CBA977F0032732D /* crash-tape.wav */ = {isa = PBXFileReference; lastKnownFileType = audio.wav; path = "crash-tape.wav"; sourceTree = "<group>"; };
		39164EE11CBA977F0032732D /* hihat-808.wav */ = {isa = PBXFileReference; lastKnownFileType = audio.wav; path = "hihat-808.wav"; sourceTree = "<group>"; };
		39164EE21CBA977F0032732D /* hihat-acoustic01.wav */ = {isa = PBXFileReference; lastKnownFileType = audio.wav; path = "hihat-acoustic01.wav"; sourceTree = "<group>"; };
		39164EE31CBA977F0032732D /* hihat-acoustic02.wav */ = {isa = PBXFileReference; lastKnownFileType = audio.wav; path = "hihat-acoustic02.wav"; sourceTree = "<group>"; };
		39164EE41CBA977F0032732D /* hihat-analog.wav */ = {isa = PBXFileReference; lastKnownFileType = audio.wav; path = "hihat-analog.wav"; sourceTree = "<group>"; };
		39164EE51CBA977F0032732D /* hihat-digital.wav */ = {isa = PBXFileReference; lastKnownFileType = audio.wav; path = "hihat-digital.wav"; sourceTree = "<group>"; };
		39164EE61CBA977F0032732D /* hihat-dist01.wav */ = {isa = PBXFileReference; lastKnownFileType = audio.wav; path = "hihat-dist01.wav"; sourceTree = "<group>"; };
		39164EE71CBA977F0032732D /* hihat-dist02.wav */ = {isa = PBXFileReference; lastKnownFileType = audio.wav; path = "hihat-dist02.wav"; sourceTree = "<group>"; };
		39164EE81CBA977F0032732D /* hihat-electro.wav */ = {isa = PBXFileReference; lastKnownFileType = audio.wav; path = "hihat-electro.wav"; sourceTree = "<group>"; };
		39164EE91CBA977F0032732D /* hihat-plain.wav */ = {isa = PBXFileReference; lastKnownFileType = audio.wav; path = "hihat-plain.wav"; sourceTree = "<group>"; };
		39164EEA1CBA977F0032732D /* hihat-reso.wav */ = {isa = PBXFileReference; lastKnownFileType = audio.wav; path = "hihat-reso.wav"; sourceTree = "<group>"; };
		39164EEB1CBA977F0032732D /* hihat-ring.wav */ = {isa = PBXFileReference; lastKnownFileType = audio.wav; path = "hihat-ring.wav"; sourceTree = "<group>"; };
		39164EEC1CBA977F0032732D /* kick-808.wav */ = {isa = PBXFileReference; lastKnownFileType = audio.wav; path = "kick-808.wav"; sourceTree = "<group>"; };
		39164EED1CBA977F0032732D /* kick-acoustic01.wav */ = {isa = PBXFileReference; lastKnownFileType = audio.wav; path = "kick-acoustic01.wav"; sourceTree = "<group>"; };
		39164EEE1CBA977F0032732D /* kick-acoustic02.wav */ = {isa = PBXFileReference; lastKnownFileType = audio.wav; path = "kick-acoustic02.wav"; sourceTree = "<group>"; };
		39164EEF1CBA977F0032732D /* kick-big.wav */ = {isa = PBXFileReference; lastKnownFileType = audio.wav; path = "kick-big.wav"; sourceTree = "<group>"; };
		39164EF01CBA977F0032732D /* kick-classic.wav */ = {isa = PBXFileReference; lastKnownFileType = audio.wav; path = "kick-classic.wav"; sourceTree = "<group>"; };
		39164EF11CBA977F0032732D /* kick-cultivator.wav */ = {isa = PBXFileReference; lastKnownFileType = audio.wav; path = "kick-cultivator.wav"; sourceTree = "<group>"; };
		39164EF21CBA977F0032732D /* kick-deep.wav */ = {isa = PBXFileReference; lastKnownFileType = audio.wav; path = "kick-deep.wav"; sourceTree = "<group>"; };
		39164EF31CBA977F0032732D /* kick-dry.wav */ = {isa = PBXFileReference; lastKnownFileType = audio.wav; path = "kick-dry.wav"; sourceTree = "<group>"; };
		39164EF41CBA977F0032732D /* kick-electro01.wav */ = {isa = PBXFileReference; lastKnownFileType = audio.wav; path = "kick-electro01.wav"; sourceTree = "<group>"; };
		39164EF51CBA977F0032732D /* kick-electro02.wav */ = {isa = PBXFileReference; lastKnownFileType = audio.wav; path = "kick-electro02.wav"; sourceTree = "<group>"; };
		39164EF61CBA977F0032732D /* kick-floppy.wav */ = {isa = PBXFileReference; lastKnownFileType = audio.wav; path = "kick-floppy.wav"; sourceTree = "<group>"; };
		39164EF71CBA977F0032732D /* kick-gritty.wav */ = {isa = PBXFileReference; lastKnownFileType = audio.wav; path = "kick-gritty.wav"; sourceTree = "<group>"; };
		39164EF81CBA977F0032732D /* kick-heavy.wav */ = {isa = PBXFileReference; lastKnownFileType = audio.wav; path = "kick-heavy.wav"; sourceTree = "<group>"; };
		39164EF91CBA977F0032732D /* kick-newwave.wav */ = {isa = PBXFileReference; lastKnownFileType = audio.wav; path = "kick-newwave.wav"; sourceTree = "<group>"; };
		39164EFA1CBA977F0032732D /* kick-oldschool.wav */ = {isa = PBXFileReference; lastKnownFileType = audio.wav; path = "kick-oldschool.wav"; sourceTree = "<group>"; };
		39164EFB1CBA977F0032732D /* kick-plain.wav */ = {isa = PBXFileReference; lastKnownFileType = audio.wav; path = "kick-plain.wav"; sourceTree = "<group>"; };
		39164EFC1CBA977F0032732D /* kick-slapback.wav */ = {isa = PBXFileReference; lastKnownFileType = audio.wav; path = "kick-slapback.wav"; sourceTree = "<group>"; };
		39164EFD1CBA977F0032732D /* kick-softy.wav */ = {isa = PBXFileReference; lastKnownFileType = audio.wav; path = "kick-softy.wav"; sourceTree = "<group>"; };
		39164EFE1CBA977F0032732D /* kick-stomp.wav */ = {isa = PBXFileReference; lastKnownFileType = audio.wav; path = "kick-stomp.wav"; sourceTree = "<group>"; };
		39164EFF1CBA977F0032732D /* kick-tape.wav */ = {isa = PBXFileReference; lastKnownFileType = audio.wav; path = "kick-tape.wav"; sourceTree = "<group>"; };
		39164F001CBA977F0032732D /* kick-thump.wav */ = {isa = PBXFileReference; lastKnownFileType = audio.wav; path = "kick-thump.wav"; sourceTree = "<group>"; };
		39164F011CBA977F0032732D /* kick-tight.wav */ = {isa = PBXFileReference; lastKnownFileType = audio.wav; path = "kick-tight.wav"; sourceTree = "<group>"; };
		39164F021CBA977F0032732D /* kick-tron.wav */ = {isa = PBXFileReference; lastKnownFileType = audio.wav; path = "kick-tron.wav"; sourceTree = "<group>"; };
		39164F031CBA977F0032732D /* kick-vinyl01.wav */ = {isa = PBXFileReference; lastKnownFileType = audio.wav; path = "kick-vinyl01.wav"; sourceTree = "<group>"; };
		39164F041CBA977F0032732D /* kick-vinyl02.wav */ = {isa = PBXFileReference; lastKnownFileType = audio.wav; path = "kick-vinyl02.wav"; sourceTree = "<group>"; };
		39164F051CBA977F0032732D /* kick-zapper.wav */ = {isa = PBXFileReference; lastKnownFileType = audio.wav; path = "kick-zapper.wav"; sourceTree = "<group>"; };
		39164F061CBA977F0032732D /* openhat-808.wav */ = {isa = PBXFileReference; lastKnownFileType = audio.wav; path = "openhat-808.wav"; sourceTree = "<group>"; };
		39164F071CBA977F0032732D /* openhat-acoustic01.wav */ = {isa = PBXFileReference; lastKnownFileType = audio.wav; path = "openhat-acoustic01.wav"; sourceTree = "<group>"; };
		39164F081CBA977F0032732D /* openhat-analog.wav */ = {isa = PBXFileReference; lastKnownFileType = audio.wav; path = "openhat-analog.wav"; sourceTree = "<group>"; };
		39164F091CBA977F0032732D /* openhat-slick.wav */ = {isa = PBXFileReference; lastKnownFileType = audio.wav; path = "openhat-slick.wav"; sourceTree = "<group>"; };
		39164F0A1CBA977F0032732D /* openhat-tight.wav */ = {isa = PBXFileReference; lastKnownFileType = audio.wav; path = "openhat-tight.wav"; sourceTree = "<group>"; };
		39164F0B1CBA977F0032732D /* perc-808.wav */ = {isa = PBXFileReference; lastKnownFileType = audio.wav; path = "perc-808.wav"; sourceTree = "<group>"; };
		39164F0C1CBA977F0032732D /* perc-chirpy.wav */ = {isa = PBXFileReference; lastKnownFileType = audio.wav; path = "perc-chirpy.wav"; sourceTree = "<group>"; };
		39164F0D1CBA977F0032732D /* perc-hollow.wav */ = {isa = PBXFileReference; lastKnownFileType = audio.wav; path = "perc-hollow.wav"; sourceTree = "<group>"; };
		39164F0E1CBA977F0032732D /* perc-laser.wav */ = {isa = PBXFileReference; lastKnownFileType = audio.wav; path = "perc-laser.wav"; sourceTree = "<group>"; };
		39164F0F1CBA977F0032732D /* perc-metal.wav */ = {isa = PBXFileReference; lastKnownFileType = audio.wav; path = "perc-metal.wav"; sourceTree = "<group>"; };
		39164F101CBA977F0032732D /* perc-nasty.wav */ = {isa = PBXFileReference; lastKnownFileType = audio.wav; path = "perc-nasty.wav"; sourceTree = "<group>"; };
		39164F111CBA977F0032732D /* perc-short.wav */ = {isa = PBXFileReference; lastKnownFileType = audio.wav; path = "perc-short.wav"; sourceTree = "<group>"; };
		39164F121CBA977F0032732D /* perc-tambo.wav */ = {isa = PBXFileReference; lastKnownFileType = audio.wav; path = "perc-tambo.wav"; sourceTree = "<group>"; };
		39164F131CBA977F0032732D /* perc-tribal.wav */ = {isa = PBXFileReference; lastKnownFileType = audio.wav; path = "perc-tribal.wav"; sourceTree = "<group>"; };
		39164F141CBA977F0032732D /* perc-weirdo.wav */ = {isa = PBXFileReference; lastKnownFileType = audio.wav; path = "perc-weirdo.wav"; sourceTree = "<group>"; };
		39164F151CBA977F0032732D /* ride-acoustic01.wav */ = {isa = PBXFileReference; lastKnownFileType = audio.wav; path = "ride-acoustic01.wav"; sourceTree = "<group>"; };
		39164F161CBA977F0032732D /* ride-acoustic02.wav */ = {isa = PBXFileReference; lastKnownFileType = audio.wav; path = "ride-acoustic02.wav"; sourceTree = "<group>"; };
		39164F171CBA977F0032732D /* shaker-analog.wav */ = {isa = PBXFileReference; lastKnownFileType = audio.wav; path = "shaker-analog.wav"; sourceTree = "<group>"; };
		39164F181CBA977F0032732D /* shaker-shuffle.wav */ = {isa = PBXFileReference; lastKnownFileType = audio.wav; path = "shaker-shuffle.wav"; sourceTree = "<group>"; };
		39164F191CBA977F0032732D /* shaker-suckup.wav */ = {isa = PBXFileReference; lastKnownFileType = audio.wav; path = "shaker-suckup.wav"; sourceTree = "<group>"; };
		39164F1A1CBA977F0032732D /* snare-808.wav */ = {isa = PBXFileReference; lastKnownFileType = audio.wav; path = "snare-808.wav"; sourceTree = "<group>"; };
		39164F1B1CBA977F0032732D /* snare-acoustic01.wav */ = {isa = PBXFileReference; lastKnownFileType = audio.wav; path = "snare-acoustic01.wav"; sourceTree = "<group>"; };
		39164F1C1CBA977F0032732D /* snare-acoustic02.wav */ = {isa = PBXFileReference; lastKnownFileType = audio.wav; path = "snare-acoustic02.wav"; sourceTree = "<group>"; };
		39164F1D1CBA977F0032732D /* snare-analog.wav */ = {isa = PBXFileReference; lastKnownFileType = audio.wav; path = "snare-analog.wav"; sourceTree = "<group>"; };
		39164F1E1CBA977F0032732D /* snare-big.wav */ = {isa = PBXFileReference; lastKnownFileType = audio.wav; path = "snare-big.wav"; sourceTree = "<group>"; };
		39164F1F1CBA977F0032732D /* snare-block.wav */ = {isa = PBXFileReference; lastKnownFileType = audio.wav; path = "snare-block.wav"; sourceTree = "<group>"; };
		39164F201CBA977F0032732D /* snare-brute.wav */ = {isa = PBXFileReference; lastKnownFileType = audio.wav; path = "snare-brute.wav"; sourceTree = "<group>"; };
		39164F211CBA977F0032732D /* snare-dist01.wav */ = {isa = PBXFileReference; lastKnownFileType = audio.wav; path = "snare-dist01.wav"; sourceTree = "<group>"; };
		39164F221CBA977F0032732D /* snare-dist02.wav */ = {isa = PBXFileReference; lastKnownFileType = audio.wav; path = "snare-dist02.wav"; sourceTree = "<group>"; };
		39164F231CBA977F0032732D /* snare-dist03.wav */ = {isa = PBXFileReference; lastKnownFileType = audio.wav; path = "snare-dist03.wav"; sourceTree = "<group>"; };
		39164F241CBA977F0032732D /* snare-electro.wav */ = {isa = PBXFileReference; lastKnownFileType = audio.wav; path = "snare-electro.wav"; sourceTree = "<group>"; };
		39164F251CBA977F0032732D /* snare-lofi01.wav */ = {isa = PBXFileReference; lastKnownFileType = audio.wav; path = "snare-lofi01.wav"; sourceTree = "<group>"; };
		39164F261CBA977F0032732D /* snare-lofi02.wav */ = {isa = PBXFileReference; lastKnownFileType = audio.wav; path = "snare-lofi02.wav"; sourceTree = "<group>"; };
		39164F271CBA977F0032732D /* snare-modular.wav */ = {isa = PBXFileReference; lastKnownFileType = audio.wav; path = "snare-modular.wav"; sourceTree = "<group>"; };
		39164F281CBA977F0032732D /* snare-noise.wav */ = {isa = PBXFileReference; lastKnownFileType = audio.wav; path = "snare-noise.wav"; sourceTree = "<group>"; };
		39164F291CBA977F0032732D /* snare-pinch.wav */ = {isa = PBXFileReference; lastKnownFileType = audio.wav; path = "snare-pinch.wav"; sourceTree = "<group>"; };
		39164F2A1CBA977F0032732D /* snare-punch.wav */ = {isa = PBXFileReference; lastKnownFileType = audio.wav; path = "snare-punch.wav"; sourceTree = "<group>"; };
		39164F2B1CBA977F0032732D /* snare-smasher.wav */ = {isa = PBXFileReference; lastKnownFileType = audio.wav; path = "snare-smasher.wav"; sourceTree = "<group>"; };
		39164F2C1CBA977F0032732D /* snare-sumo.wav */ = {isa = PBXFileReference; lastKnownFileType = audio.wav; path = "snare-sumo.wav"; sourceTree = "<group>"; };
		39164F2D1CBA977F0032732D /* snare-tape.wav */ = {isa = PBXFileReference; lastKnownFileType = audio.wav; path = "snare-tape.wav"; sourceTree = "<group>"; };
		39164F2E1CBA977F0032732D /* snare-vinyl01.wav */ = {isa = PBXFileReference; lastKnownFileType = audio.wav; path = "snare-vinyl01.wav"; sourceTree = "<group>"; };
		39164F2F1CBA977F0032732D /* snare-vinyl02.wav */ = {isa = PBXFileReference; lastKnownFileType = audio.wav; path = "snare-vinyl02.wav"; sourceTree = "<group>"; };
		39164F301CBA977F0032732D /* tom-808.wav */ = {isa = PBXFileReference; lastKnownFileType = audio.wav; path = "tom-808.wav"; sourceTree = "<group>"; };
		39164F311CBA977F0032732D /* tom-acoustic01.wav */ = {isa = PBXFileReference; lastKnownFileType = audio.wav; path = "tom-acoustic01.wav"; sourceTree = "<group>"; };
		39164F321CBA977F0032732D /* tom-acoustic02.wav */ = {isa = PBXFileReference; lastKnownFileType = audio.wav; path = "tom-acoustic02.wav"; sourceTree = "<group>"; };
		39164F331CBA977F0032732D /* tom-analog.wav */ = {isa = PBXFileReference; lastKnownFileType = audio.wav; path = "tom-analog.wav"; sourceTree = "<group>"; };
		39164F341CBA977F0032732D /* tom-chiptune.wav */ = {isa = PBXFileReference; lastKnownFileType = audio.wav; path = "tom-chiptune.wav"; sourceTree = "<group>"; };
		39164F351CBA977F0032732D /* tom-fm.wav */ = {isa = PBXFileReference; lastKnownFileType = audio.wav; path = "tom-fm.wav"; sourceTree = "<group>"; };
		39164F361CBA977F0032732D /* tom-lofi.wav */ = {isa = PBXFileReference; lastKnownFileType = audio.wav; path = "tom-lofi.wav"; sourceTree = "<group>"; };
		39164F371CBA977F0032732D /* tom-rototom.wav */ = {isa = PBXFileReference; lastKnownFileType = audio.wav; path = "tom-rototom.wav"; sourceTree = "<group>"; };
		39164F381CBA977F0032732D /* tom-short.wav */ = {isa = PBXFileReference; lastKnownFileType = audio.wav; path = "tom-short.wav"; sourceTree = "<group>"; };
		395FC1001C7A849C00ED1E51 /* Linus.app */ = {isa = PBXFileReference; explicitFileType = wrapper.application; includeInIndex = 0; path = Linus.app; sourceTree = BUILT_PRODUCTS_DIR; };
		395FC1041C7A849C00ED1E51 /* main.m */ = {isa = PBXFileReference; lastKnownFileType = sourcecode.c.objc; path = main.m; sourceTree = "<group>"; };
		395FC1061C7A849C00ED1E51 /* AppDelegate.h */ = {isa = PBXFileReference; lastKnownFileType = sourcecode.c.h; path = AppDelegate.h; sourceTree = "<group>"; };
		395FC1071C7A849C00ED1E51 /* AppDelegate.m */ = {isa = PBXFileReference; lastKnownFileType = sourcecode.c.objc; path = AppDelegate.m; sourceTree = "<group>"; };
		395FC1091C7A849C00ED1E51 /* ViewController.h */ = {isa = PBXFileReference; lastKnownFileType = sourcecode.c.h; path = ViewController.h; sourceTree = "<group>"; };
		395FC10A1C7A849C00ED1E51 /* ViewController.m */ = {isa = PBXFileReference; explicitFileType = sourcecode.c.objc; path = ViewController.m; sourceTree = "<group>"; };
		395FC10D1C7A849C00ED1E51 /* Base */ = {isa = PBXFileReference; lastKnownFileType = file.storyboard; name = Base; path = Base.lproj/Main.storyboard; sourceTree = "<group>"; };
		395FC10F1C7A849C00ED1E51 /* Assets.xcassets */ = {isa = PBXFileReference; lastKnownFileType = folder.assetcatalog; path = Assets.xcassets; sourceTree = "<group>"; };
		395FC1121C7A849C00ED1E51 /* Base */ = {isa = PBXFileReference; lastKnownFileType = file.storyboard; name = Base; path = Base.lproj/LaunchScreen.storyboard; sourceTree = "<group>"; };
		395FC1141C7A849C00ED1E51 /* Info.plist */ = {isa = PBXFileReference; lastKnownFileType = text.plist.xml; path = Info.plist; sourceTree = "<group>"; };
		395FC11A1C7A900A00ED1E51 /* TimelineViewController.h */ = {isa = PBXFileReference; fileEncoding = 4; lastKnownFileType = sourcecode.c.h; path = TimelineViewController.h; sourceTree = "<group>"; };
		395FC11B1C7A900A00ED1E51 /* TimelineViewController.m */ = {isa = PBXFileReference; fileEncoding = 4; lastKnownFileType = sourcecode.c.objc; path = TimelineViewController.m; sourceTree = "<group>"; };
		395FC1211C7A906500ED1E51 /* SpriteKit.framework */ = {isa = PBXFileReference; lastKnownFileType = wrapper.framework; name = SpriteKit.framework; path = System/Library/Frameworks/SpriteKit.framework; sourceTree = SDKROOT; };
		395FC1231C7A90AA00ED1E51 /* TimelineScene.h */ = {isa = PBXFileReference; fileEncoding = 4; lastKnownFileType = sourcecode.c.h; path = TimelineScene.h; sourceTree = "<group>"; };
		395FC1241C7A90AA00ED1E51 /* TimelineScene.m */ = {isa = PBXFileReference; fileEncoding = 4; lastKnownFileType = sourcecode.c.objc; path = TimelineScene.m; sourceTree = "<group>"; };
		3984D5DD1CB755E800BA025B /* AEArray.h */ = {isa = PBXFileReference; fileEncoding = 4; lastKnownFileType = sourcecode.c.h; path = AEArray.h; sourceTree = "<group>"; };
		3984D5DE1CB755E800BA025B /* AEArray.m */ = {isa = PBXFileReference; fileEncoding = 4; lastKnownFileType = sourcecode.c.objc; path = AEArray.m; sourceTree = "<group>"; };
		3984D5DF1CB755E800BA025B /* AEBufferStack.h */ = {isa = PBXFileReference; fileEncoding = 4; lastKnownFileType = sourcecode.c.h; path = AEBufferStack.h; sourceTree = "<group>"; };
		3984D5E01CB755E800BA025B /* AEBufferStack.m */ = {isa = PBXFileReference; fileEncoding = 4; lastKnownFileType = sourcecode.c.objc; path = AEBufferStack.m; sourceTree = "<group>"; };
		3984D5E11CB755E800BA025B /* AEManagedValue.h */ = {isa = PBXFileReference; fileEncoding = 4; lastKnownFileType = sourcecode.c.h; path = AEManagedValue.h; sourceTree = "<group>"; };
		3984D5E21CB755E800BA025B /* AEManagedValue.m */ = {isa = PBXFileReference; fileEncoding = 4; lastKnownFileType = sourcecode.c.objc; path = AEManagedValue.m; sourceTree = "<group>"; };
		3984D5E31CB755E800BA025B /* AETypes.h */ = {isa = PBXFileReference; fileEncoding = 4; lastKnownFileType = sourcecode.c.h; path = AETypes.h; sourceTree = "<group>"; };
		3984D5E41CB755E800BA025B /* AETypes.m */ = {isa = PBXFileReference; fileEncoding = 4; lastKnownFileType = sourcecode.c.objc; path = AETypes.m; sourceTree = "<group>"; };
		3984D5E71CB755E800BA025B /* README.markdown */ = {isa = PBXFileReference; fileEncoding = 4; lastKnownFileType = net.daringfireball.markdown; path = README.markdown; sourceTree = "<group>"; };
		3984D5E81CB755E800BA025B /* TPCircularBuffer+AudioBufferList.c */ = {isa = PBXFileReference; fileEncoding = 4; lastKnownFileType = sourcecode.c.c; path = "TPCircularBuffer+AudioBufferList.c"; sourceTree = "<group>"; };
		3984D5E91CB755E800BA025B /* TPCircularBuffer+AudioBufferList.h */ = {isa = PBXFileReference; fileEncoding = 4; lastKnownFileType = sourcecode.c.h; path = "TPCircularBuffer+AudioBufferList.h"; sourceTree = "<group>"; };
		3984D5EA1CB755E800BA025B /* TPCircularBuffer.c */ = {isa = PBXFileReference; fileEncoding = 4; lastKnownFileType = sourcecode.c.c; path = TPCircularBuffer.c; sourceTree = "<group>"; };
		3984D5EB1CB755E800BA025B /* TPCircularBuffer.h */ = {isa = PBXFileReference; fileEncoding = 4; lastKnownFileType = sourcecode.c.h; path = TPCircularBuffer.h; sourceTree = "<group>"; };
		3984D5ED1CB755E800BA025B /* AEAudioUnitModule.h */ = {isa = PBXFileReference; fileEncoding = 4; lastKnownFileType = sourcecode.c.h; path = AEAudioUnitModule.h; sourceTree = "<group>"; };
		3984D5EE1CB755E800BA025B /* AEAudioUnitModule.m */ = {isa = PBXFileReference; fileEncoding = 4; lastKnownFileType = sourcecode.c.objc; path = AEAudioUnitModule.m; sourceTree = "<group>"; };
		3984D5EF1CB755E800BA025B /* AEModule.h */ = {isa = PBXFileReference; fileEncoding = 4; lastKnownFileType = sourcecode.c.h; path = AEModule.h; sourceTree = "<group>"; };
		3984D5F01CB755E800BA025B /* AEModule.m */ = {isa = PBXFileReference; fileEncoding = 4; lastKnownFileType = sourcecode.c.objc; path = AEModule.m; sourceTree = "<group>"; };
		3984D5F21CB755E800BA025B /* AEAudioFilePlayerModule.h */ = {isa = PBXFileReference; fileEncoding = 4; lastKnownFileType = sourcecode.c.h; path = AEAudioFilePlayerModule.h; sourceTree = "<group>"; };
		3984D5F31CB755E800BA025B /* AEAudioFilePlayerModule.m */ = {isa = PBXFileReference; fileEncoding = 4; lastKnownFileType = sourcecode.c.objc; path = AEAudioFilePlayerModule.m; sourceTree = "<group>"; };
		3984D5F41CB755E800BA025B /* AEAudioUnitInputModule.h */ = {isa = PBXFileReference; fileEncoding = 4; lastKnownFileType = sourcecode.c.h; path = AEAudioUnitInputModule.h; sourceTree = "<group>"; };
		3984D5F51CB755E800BA025B /* AEAudioUnitInputModule.m */ = {isa = PBXFileReference; fileEncoding = 4; lastKnownFileType = sourcecode.c.objc; path = AEAudioUnitInputModule.m; sourceTree = "<group>"; };
		3984D5F61CB755E800BA025B /* AEOscillatorModule.h */ = {isa = PBXFileReference; fileEncoding = 4; lastKnownFileType = sourcecode.c.h; path = AEOscillatorModule.h; sourceTree = "<group>"; };
		3984D5F71CB755E800BA025B /* AEOscillatorModule.m */ = {isa = PBXFileReference; fileEncoding = 4; lastKnownFileType = sourcecode.c.objc; path = AEOscillatorModule.m; sourceTree = "<group>"; };
		3984D5F91CB755E800BA025B /* AEBandpassModule.h */ = {isa = PBXFileReference; fileEncoding = 4; lastKnownFileType = sourcecode.c.h; path = AEBandpassModule.h; sourceTree = "<group>"; };
		3984D5FA1CB755E800BA025B /* AEBandpassModule.m */ = {isa = PBXFileReference; fileEncoding = 4; lastKnownFileType = sourcecode.c.objc; path = AEBandpassModule.m; sourceTree = "<group>"; };
		3984D5FB1CB755E800BA025B /* AEDelayModule.h */ = {isa = PBXFileReference; fileEncoding = 4; lastKnownFileType = sourcecode.c.h; path = AEDelayModule.h; sourceTree = "<group>"; };
		3984D5FC1CB755E800BA025B /* AEDelayModule.m */ = {isa = PBXFileReference; fileEncoding = 4; lastKnownFileType = sourcecode.c.objc; path = AEDelayModule.m; sourceTree = "<group>"; };
		3984D5FD1CB755E800BA025B /* AEDistortionModule.h */ = {isa = PBXFileReference; fileEncoding = 4; lastKnownFileType = sourcecode.c.h; path = AEDistortionModule.h; sourceTree = "<group>"; };
		3984D5FE1CB755E800BA025B /* AEDistortionModule.m */ = {isa = PBXFileReference; fileEncoding = 4; lastKnownFileType = sourcecode.c.objc; path = AEDistortionModule.m; sourceTree = "<group>"; };
		3984D5FF1CB755E800BA025B /* AEDynamicsProcessorModule.h */ = {isa = PBXFileReference; fileEncoding = 4; lastKnownFileType = sourcecode.c.h; path = AEDynamicsProcessorModule.h; sourceTree = "<group>"; };
		3984D6001CB755E800BA025B /* AEDynamicsProcessorModule.m */ = {isa = PBXFileReference; fileEncoding = 4; lastKnownFileType = sourcecode.c.objc; path = AEDynamicsProcessorModule.m; sourceTree = "<group>"; };
		3984D6011CB755E800BA025B /* AEHighPassModule.h */ = {isa = PBXFileReference; fileEncoding = 4; lastKnownFileType = sourcecode.c.h; path = AEHighPassModule.h; sourceTree = "<group>"; };
		3984D6021CB755E800BA025B /* AEHighPassModule.m */ = {isa = PBXFileReference; fileEncoding = 4; lastKnownFileType = sourcecode.c.objc; path = AEHighPassModule.m; sourceTree = "<group>"; };
		3984D6031CB755E800BA025B /* AEHighShelfModule.h */ = {isa = PBXFileReference; fileEncoding = 4; lastKnownFileType = sourcecode.c.h; path = AEHighShelfModule.h; sourceTree = "<group>"; };
		3984D6041CB755E800BA025B /* AEHighShelfModule.m */ = {isa = PBXFileReference; fileEncoding = 4; lastKnownFileType = sourcecode.c.objc; path = AEHighShelfModule.m; sourceTree = "<group>"; };
		3984D6051CB755E800BA025B /* AELowPassModule.h */ = {isa = PBXFileReference; fileEncoding = 4; lastKnownFileType = sourcecode.c.h; path = AELowPassModule.h; sourceTree = "<group>"; };
		3984D6061CB755E800BA025B /* AELowPassModule.m */ = {isa = PBXFileReference; fileEncoding = 4; lastKnownFileType = sourcecode.c.objc; path = AELowPassModule.m; sourceTree = "<group>"; };
		3984D6071CB755E800BA025B /* AELowShelfModule.h */ = {isa = PBXFileReference; fileEncoding = 4; lastKnownFileType = sourcecode.c.h; path = AELowShelfModule.h; sourceTree = "<group>"; };
		3984D6081CB755E800BA025B /* AELowShelfModule.m */ = {isa = PBXFileReference; fileEncoding = 4; lastKnownFileType = sourcecode.c.objc; path = AELowShelfModule.m; sourceTree = "<group>"; };
		3984D6091CB755E800BA025B /* AENewTimePitchModule.h */ = {isa = PBXFileReference; fileEncoding = 4; lastKnownFileType = sourcecode.c.h; path = AENewTimePitchModule.h; sourceTree = "<group>"; };
		3984D60A1CB755E800BA025B /* AENewTimePitchModule.m */ = {isa = PBXFileReference; fileEncoding = 4; lastKnownFileType = sourcecode.c.objc; path = AENewTimePitchModule.m; sourceTree = "<group>"; };
		3984D60B1CB755E800BA025B /* AEParametricEqModule.h */ = {isa = PBXFileReference; fileEncoding = 4; lastKnownFileType = sourcecode.c.h; path = AEParametricEqModule.h; sourceTree = "<group>"; };
		3984D60C1CB755E800BA025B /* AEParametricEqModule.m */ = {isa = PBXFileReference; fileEncoding = 4; lastKnownFileType = sourcecode.c.objc; path = AEParametricEqModule.m; sourceTree = "<group>"; };
		3984D60D1CB755E800BA025B /* AEPeakLimiterModule.h */ = {isa = PBXFileReference; fileEncoding = 4; lastKnownFileType = sourcecode.c.h; path = AEPeakLimiterModule.h; sourceTree = "<group>"; };
		3984D60E1CB755E800BA025B /* AEPeakLimiterModule.m */ = {isa = PBXFileReference; fileEncoding = 4; lastKnownFileType = sourcecode.c.objc; path = AEPeakLimiterModule.m; sourceTree = "<group>"; };
		3984D60F1CB755E800BA025B /* AEReverbModule.h */ = {isa = PBXFileReference; fileEncoding = 4; lastKnownFileType = sourcecode.c.h; path = AEReverbModule.h; sourceTree = "<group>"; };
		3984D6101CB755E800BA025B /* AEReverbModule.m */ = {isa = PBXFileReference; fileEncoding = 4; lastKnownFileType = sourcecode.c.objc; path = AEReverbModule.m; sourceTree = "<group>"; };
		3984D6111CB755E800BA025B /* AEVarispeedModule.h */ = {isa = PBXFileReference; fileEncoding = 4; lastKnownFileType = sourcecode.c.h; path = AEVarispeedModule.h; sourceTree = "<group>"; };
		3984D6121CB755E800BA025B /* AEVarispeedModule.m */ = {isa = PBXFileReference; fileEncoding = 4; lastKnownFileType = sourcecode.c.objc; path = AEVarispeedModule.m; sourceTree = "<group>"; };
		3984D6141CB755E800BA025B /* AEFileRecorderModule.h */ = {isa = PBXFileReference; fileEncoding = 4; lastKnownFileType = sourcecode.c.h; path = AEFileRecorderModule.h; sourceTree = "<group>"; };
		3984D6151CB755E800BA025B /* AEFileRecorderModule.m */ = {isa = PBXFileReference; fileEncoding = 4; lastKnownFileType = sourcecode.c.objc; path = AEFileRecorderModule.m; sourceTree = "<group>"; };
		3984D6171CB755E800BA025B /* AEAudioUnitOutput.h */ = {isa = PBXFileReference; fileEncoding = 4; lastKnownFileType = sourcecode.c.h; path = AEAudioUnitOutput.h; sourceTree = "<group>"; };
		3984D6181CB755E800BA025B /* AEAudioUnitOutput.m */ = {isa = PBXFileReference; fileEncoding = 4; lastKnownFileType = sourcecode.c.objc; path = AEAudioUnitOutput.m; sourceTree = "<group>"; };
		3984D61A1CB755E800BA025B /* AERenderer.h */ = {isa = PBXFileReference; fileEncoding = 4; lastKnownFileType = sourcecode.c.h; path = AERenderer.h; sourceTree = "<group>"; };
		3984D61B1CB755E800BA025B /* AERenderer.m */ = {isa = PBXFileReference; fileEncoding = 4; lastKnownFileType = sourcecode.c.objc; path = AERenderer.m; sourceTree = "<group>"; };
		3984D61C1CB755E800BA025B /* TheAmazingAudioEngine.h */ = {isa = PBXFileReference; fileEncoding = 4; lastKnownFileType = sourcecode.c.h; path = TheAmazingAudioEngine.h; sourceTree = "<group>"; };
		3984D61E1CB755E800BA025B /* AEAudioBufferListUtilities.h */ = {isa = PBXFileReference; fileEncoding = 4; lastKnownFileType = sourcecode.c.h; path = AEAudioBufferListUtilities.h; sourceTree = "<group>"; };
		3984D61F1CB755E800BA025B /* AEAudioBufferListUtilities.m */ = {isa = PBXFileReference; fileEncoding = 4; lastKnownFileType = sourcecode.c.objc; path = AEAudioBufferListUtilities.m; sourceTree = "<group>"; };
		3984D6201CB755E800BA025B /* AEDSPUtilities.h */ = {isa = PBXFileReference; fileEncoding = 4; lastKnownFileType = sourcecode.c.h; path = AEDSPUtilities.h; sourceTree = "<group>"; };
		3984D6211CB755E800BA025B /* AEDSPUtilities.m */ = {isa = PBXFileReference; fileEncoding = 4; lastKnownFileType = sourcecode.c.objc; path = AEDSPUtilities.m; sourceTree = "<group>"; };
		3984D6221CB755E800BA025B /* AEIOAudioUnit.h */ = {isa = PBXFileReference; fileEncoding = 4; lastKnownFileType = sourcecode.c.h; path = AEIOAudioUnit.h; sourceTree = "<group>"; };
		3984D6231CB755E800BA025B /* AEIOAudioUnit.m */ = {isa = PBXFileReference; fileEncoding = 4; lastKnownFileType = sourcecode.c.objc; path = AEIOAudioUnit.m; sourceTree = "<group>"; };
		3984D6241CB755E800BA025B /* AEMessageQueue.h */ = {isa = PBXFileReference; fileEncoding = 4; lastKnownFileType = sourcecode.c.h; path = AEMessageQueue.h; sourceTree = "<group>"; };
		3984D6251CB755E800BA025B /* AEMessageQueue.m */ = {isa = PBXFileReference; fileEncoding = 4; lastKnownFileType = sourcecode.c.objc; path = AEMessageQueue.m; sourceTree = "<group>"; };
		3984D6261CB755E800BA025B /* AETime.h */ = {isa = PBXFileReference; fileEncoding = 4; lastKnownFileType = sourcecode.c.h; path = AETime.h; sourceTree = "<group>"; };
		3984D6271CB755E800BA025B /* AETime.m */ = {isa = PBXFileReference; fileEncoding = 4; lastKnownFileType = sourcecode.c.objc; path = AETime.m; sourceTree = "<group>"; };
		3984D6281CB755E800BA025B /* AEUtilities.h */ = {isa = PBXFileReference; fileEncoding = 4; lastKnownFileType = sourcecode.c.h; path = AEUtilities.h; sourceTree = "<group>"; };
		3984D6291CB755E800BA025B /* AEUtilities.m */ = {isa = PBXFileReference; fileEncoding = 4; lastKnownFileType = sourcecode.c.objc; path = AEUtilities.m; sourceTree = "<group>"; };
		399BD59B1CA99E5A00D48AD0 /* Loop.mp3 */ = {isa = PBXFileReference; lastKnownFileType = audio.mp3; path = Loop.mp3; sourceTree = "<group>"; };
		39BD5FCA1CB743AC007CB634 /* AudioController.h */ = {isa = PBXFileReference; fileEncoding = 4; lastKnownFileType = sourcecode.c.h; path = AudioController.h; sourceTree = "<group>"; };
		39BD5FCB1CB743AC007CB634 /* AudioController.m */ = {isa = PBXFileReference; fileEncoding = 4; lastKnownFileType = sourcecode.c.objc; path = AudioController.m; sourceTree = "<group>"; };
		39C1DD4F1CB97C040060E86A /* ClipLoadViewController.h */ = {isa = PBXFileReference; fileEncoding = 4; lastKnownFileType = sourcecode.c.h; path = ClipLoadViewController.h; sourceTree = "<group>"; };
		39C1DD501CB97C040060E86A /* ClipLoadViewController.m */ = {isa = PBXFileReference; fileEncoding = 4; lastKnownFileType = sourcecode.c.objc; path = ClipLoadViewController.m; sourceTree = "<group>"; };
		39C741231CA74A4A004EB1B3 /* MobileCoreServices.framework */ = {isa = PBXFileReference; lastKnownFileType = wrapper.framework; name = MobileCoreServices.framework; path = System/Library/Frameworks/MobileCoreServices.framework; sourceTree = SDKROOT; };
		39C741281CA75423004EB1B3 /* AudioShareSDK.h */ = {isa = PBXFileReference; fileEncoding = 4; lastKnownFileType = sourcecode.c.h; name = AudioShareSDK.h; path = "../../../../Downloads/AudioShareSDK-master/AudioShareSDK.h"; sourceTree = "<group>"; };
		39C741291CA75423004EB1B3 /* AudioShareSDK.m */ = {isa = PBXFileReference; fileEncoding = 4; lastKnownFileType = sourcecode.c.objc; name = AudioShareSDK.m; path = "../../../../Downloads/AudioShareSDK-master/AudioShareSDK.m"; sourceTree = "<group>"; };
		39EE44931CAAF219008B1502 /* libMidiBus.a */ = {isa = PBXFileReference; lastKnownFileType = archive.ar; path = libMidiBus.a; sourceTree = "<group>"; };
		39EE44941CAAF219008B1502 /* midibus.h */ = {isa = PBXFileReference; fileEncoding = 4; lastKnownFileType = sourcecode.c.h; path = midibus.h; sourceTree = "<group>"; };
		39EE44951CAAF219008B1502 /* midibus_enums.h */ = {isa = PBXFileReference; fileEncoding = 4; lastKnownFileType = sourcecode.c.h; path = midibus_enums.h; sourceTree = "<group>"; };
		39EE44961CAAF219008B1502 /* MidiBusClient.h */ = {isa = PBXFileReference; fileEncoding = 4; lastKnownFileType = sourcecode.c.h; path = MidiBusClient.h; sourceTree = "<group>"; };
		39EE44971CAAF219008B1502 /* MidiBusClient.m */ = {isa = PBXFileReference; fileEncoding = 4; lastKnownFileType = sourcecode.c.objc; path = MidiBusClient.m; sourceTree = "<group>"; };
		39EE44981CAAF219008B1502 /* omac_apps.plist */ = {isa = PBXFileReference; fileEncoding = 4; lastKnownFileType = text.plist.xml; path = omac_apps.plist; sourceTree = "<group>"; };
		39EE44991CAAF219008B1502 /* OMACApplicationRegistry.h */ = {isa = PBXFileReference; fileEncoding = 4; lastKnownFileType = sourcecode.c.h; path = OMACApplicationRegistry.h; sourceTree = "<group>"; };
/* End PBXFileReference section */

/* Begin PBXFrameworksBuildPhase section */
		395FC0FD1C7A849C00ED1E51 /* Frameworks */ = {
			isa = PBXFrameworksBuildPhase;
			buildActionMask = 2147483647;
			files = (
				3904BAAB1CAC810E00275594 /* AudioToolbox.framework in Frameworks */,
				39C741241CA74A4A004EB1B3 /* MobileCoreServices.framework in Frameworks */,
				395FC1221C7A906500ED1E51 /* SpriteKit.framework in Frameworks */,
				39EE449A1CAAF219008B1502 /* libMidiBus.a in Frameworks */,
			);
			runOnlyForDeploymentPostprocessing = 0;
		};
/* End PBXFrameworksBuildPhase section */

/* Begin PBXGroup section */
		39134AAB1C8E4B6E00E5D83E /* Model */ = {
			isa = PBXGroup;
			children = (
				39134AAC1C8E66B200E5D83E /* TimePoint.h */,
				39134AAD1C8E66B200E5D83E /* TimePoint.m */,
				391291731CA3364200C7D295 /* TrackModel.h */,
				391291741CA3364200C7D295 /* TrackModel.m */,
				39134AA81C8E4B6600E5D83E /* TimelineModel.h */,
				39134AA91C8E4B6600E5D83E /* TimelineModel.m */,
				39BD5FCA1CB743AC007CB634 /* AudioController.h */,
				39BD5FCB1CB743AC007CB634 /* AudioController.m */,
			);
			name = Model;
			sourceTree = "<group>";
		};
		39136B121CB04791009E0448 /* Resources */ = {
			isa = PBXGroup;
			children = (
				39164ED51CBA977F0032732D /* Samples */,
				390986911CB84FAA001A1602 /* Loop2.mp3 */,
				399BD59B1CA99E5A00D48AD0 /* Loop.mp3 */,
				39136B101CB04786009E0448 /* button.png */,
			);
			name = Resources;
			sourceTree = "<group>";
		};
		39164ED51CBA977F0032732D /* Samples */ = {
			isa = PBXGroup;
			children = (
				39164ED61CBA977F0032732D /* clap-808.wav */,
				39164ED71CBA977F0032732D /* clap-analog.wav */,
				39164ED81CBA977F0032732D /* clap-crushed.wav */,
				39164ED91CBA977F0032732D /* clap-fat.wav */,
				39164EDA1CBA977F0032732D /* clap-slapper.wav */,
				39164EDB1CBA977F0032732D /* clap-tape.wav */,
				39164EDC1CBA977F0032732D /* cowbell-808.wav */,
				39164EDD1CBA977F0032732D /* crash-808.wav */,
				39164EDE1CBA977F0032732D /* crash-acoustic.wav */,
				39164EDF1CBA977F0032732D /* crash-noise.wav */,
				39164EE01CBA977F0032732D /* crash-tape.wav */,
				39164EE11CBA977F0032732D /* hihat-808.wav */,
				39164EE21CBA977F0032732D /* hihat-acoustic01.wav */,
				39164EE31CBA977F0032732D /* hihat-acoustic02.wav */,
				39164EE41CBA977F0032732D /* hihat-analog.wav */,
				39164EE51CBA977F0032732D /* hihat-digital.wav */,
				39164EE61CBA977F0032732D /* hihat-dist01.wav */,
				39164EE71CBA977F0032732D /* hihat-dist02.wav */,
				39164EE81CBA977F0032732D /* hihat-electro.wav */,
				39164EE91CBA977F0032732D /* hihat-plain.wav */,
				39164EEA1CBA977F0032732D /* hihat-reso.wav */,
				39164EEB1CBA977F0032732D /* hihat-ring.wav */,
				39164EEC1CBA977F0032732D /* kick-808.wav */,
				39164EED1CBA977F0032732D /* kick-acoustic01.wav */,
				39164EEE1CBA977F0032732D /* kick-acoustic02.wav */,
				39164EEF1CBA977F0032732D /* kick-big.wav */,
				39164EF01CBA977F0032732D /* kick-classic.wav */,
				39164EF11CBA977F0032732D /* kick-cultivator.wav */,
				39164EF21CBA977F0032732D /* kick-deep.wav */,
				39164EF31CBA977F0032732D /* kick-dry.wav */,
				39164EF41CBA977F0032732D /* kick-electro01.wav */,
				39164EF51CBA977F0032732D /* kick-electro02.wav */,
				39164EF61CBA977F0032732D /* kick-floppy.wav */,
				39164EF71CBA977F0032732D /* kick-gritty.wav */,
				39164EF81CBA977F0032732D /* kick-heavy.wav */,
				39164EF91CBA977F0032732D /* kick-newwave.wav */,
				39164EFA1CBA977F0032732D /* kick-oldschool.wav */,
				39164EFB1CBA977F0032732D /* kick-plain.wav */,
				39164EFC1CBA977F0032732D /* kick-slapback.wav */,
				39164EFD1CBA977F0032732D /* kick-softy.wav */,
				39164EFE1CBA977F0032732D /* kick-stomp.wav */,
				39164EFF1CBA977F0032732D /* kick-tape.wav */,
				39164F001CBA977F0032732D /* kick-thump.wav */,
				39164F011CBA977F0032732D /* kick-tight.wav */,
				39164F021CBA977F0032732D /* kick-tron.wav */,
				39164F031CBA977F0032732D /* kick-vinyl01.wav */,
				39164F041CBA977F0032732D /* kick-vinyl02.wav */,
				39164F051CBA977F0032732D /* kick-zapper.wav */,
				39164F061CBA977F0032732D /* openhat-808.wav */,
				39164F071CBA977F0032732D /* openhat-acoustic01.wav */,
				39164F081CBA977F0032732D /* openhat-analog.wav */,
				39164F091CBA977F0032732D /* openhat-slick.wav */,
				39164F0A1CBA977F0032732D /* openhat-tight.wav */,
				39164F0B1CBA977F0032732D /* perc-808.wav */,
				39164F0C1CBA977F0032732D /* perc-chirpy.wav */,
				39164F0D1CBA977F0032732D /* perc-hollow.wav */,
				39164F0E1CBA977F0032732D /* perc-laser.wav */,
				39164F0F1CBA977F0032732D /* perc-metal.wav */,
				39164F101CBA977F0032732D /* perc-nasty.wav */,
				39164F111CBA977F0032732D /* perc-short.wav */,
				39164F121CBA977F0032732D /* perc-tambo.wav */,
				39164F131CBA977F0032732D /* perc-tribal.wav */,
				39164F141CBA977F0032732D /* perc-weirdo.wav */,
				39164F151CBA977F0032732D /* ride-acoustic01.wav */,
				39164F161CBA977F0032732D /* ride-acoustic02.wav */,
				39164F171CBA977F0032732D /* shaker-analog.wav */,
				39164F181CBA977F0032732D /* shaker-shuffle.wav */,
				39164F191CBA977F0032732D /* shaker-suckup.wav */,
				39164F1A1CBA977F0032732D /* snare-808.wav */,
				39164F1B1CBA977F0032732D /* snare-acoustic01.wav */,
				39164F1C1CBA977F0032732D /* snare-acoustic02.wav */,
				39164F1D1CBA977F0032732D /* snare-analog.wav */,
				39164F1E1CBA977F0032732D /* snare-big.wav */,
				39164F1F1CBA977F0032732D /* snare-block.wav */,
				39164F201CBA977F0032732D /* snare-brute.wav */,
				39164F211CBA977F0032732D /* snare-dist01.wav */,
				39164F221CBA977F0032732D /* snare-dist02.wav */,
				39164F231CBA977F0032732D /* snare-dist03.wav */,
				39164F241CBA977F0032732D /* snare-electro.wav */,
				39164F251CBA977F0032732D /* snare-lofi01.wav */,
				39164F261CBA977F0032732D /* snare-lofi02.wav */,
				39164F271CBA977F0032732D /* snare-modular.wav */,
				39164F281CBA977F0032732D /* snare-noise.wav */,
				39164F291CBA977F0032732D /* snare-pinch.wav */,
				39164F2A1CBA977F0032732D /* snare-punch.wav */,
				39164F2B1CBA977F0032732D /* snare-smasher.wav */,
				39164F2C1CBA977F0032732D /* snare-sumo.wav */,
				39164F2D1CBA977F0032732D /* snare-tape.wav */,
				39164F2E1CBA977F0032732D /* snare-vinyl01.wav */,
				39164F2F1CBA977F0032732D /* snare-vinyl02.wav */,
				39164F301CBA977F0032732D /* tom-808.wav */,
				39164F311CBA977F0032732D /* tom-acoustic01.wav */,
				39164F321CBA977F0032732D /* tom-acoustic02.wav */,
				39164F331CBA977F0032732D /* tom-analog.wav */,
				39164F341CBA977F0032732D /* tom-chiptune.wav */,
				39164F351CBA977F0032732D /* tom-fm.wav */,
				39164F361CBA977F0032732D /* tom-lofi.wav */,
				39164F371CBA977F0032732D /* tom-rototom.wav */,
				39164F381CBA977F0032732D /* tom-short.wav */,
			);
			path = Samples;
			sourceTree = "<group>";
		};
		395FC0F71C7A849C00ED1E51 = {
			isa = PBXGroup;
			children = (
				395FC1021C7A849C00ED1E51 /* Linus */,
				395FC1011C7A849C00ED1E51 /* Products */,
				4E18FE0D5D3749442ABDDBE6 /* Frameworks */,
			);
			sourceTree = "<group>";
		};
		395FC1011C7A849C00ED1E51 /* Products */ = {
			isa = PBXGroup;
			children = (
				395FC1001C7A849C00ED1E51 /* Linus.app */,
			);
			name = Products;
			sourceTree = "<group>";
		};
		395FC1021C7A849C00ED1E51 /* Linus */ = {
			isa = PBXGroup;
			children = (
				3984D5DB1CB755E800BA025B /* TheAmazingAudioEngine */,
				39136B121CB04791009E0448 /* Resources */,
				39EE44921CAAF219008B1502 /* Midibus */,
				39C7412B1CA75427004EB1B3 /* AudioShareSDK */,
				395FC1061C7A849C00ED1E51 /* AppDelegate.h */,
				395FC1071C7A849C00ED1E51 /* AppDelegate.m */,
				39134AAB1C8E4B6E00E5D83E /* Model */,
				395FC1261C7A927B00ED1E51 /* Scenes */,
				395FC1201C7A902600ED1E51 /* View Controllers */,
				395FC10C1C7A849C00ED1E51 /* Main.storyboard */,
				395FC10F1C7A849C00ED1E51 /* Assets.xcassets */,
				395FC1111C7A849C00ED1E51 /* LaunchScreen.storyboard */,
				395FC1141C7A849C00ED1E51 /* Info.plist */,
				39F04E9B1CA498620048743A /* AudioFiles */,
				395FC1031C7A849C00ED1E51 /* Supporting Files */,
			);
			path = Linus;
			sourceTree = "<group>";
		};
		395FC1031C7A849C00ED1E51 /* Supporting Files */ = {
			isa = PBXGroup;
			children = (
				395FC1041C7A849C00ED1E51 /* main.m */,
			);
			name = "Supporting Files";
			sourceTree = "<group>";
		};
		395FC1201C7A902600ED1E51 /* View Controllers */ = {
			isa = PBXGroup;
			children = (
				395FC1091C7A849C00ED1E51 /* ViewController.h */,
				395FC10A1C7A849C00ED1E51 /* ViewController.m */,
				395FC11A1C7A900A00ED1E51 /* TimelineViewController.h */,
				395FC11B1C7A900A00ED1E51 /* TimelineViewController.m */,
				39136B131CB049AF009E0448 /* ClipViewController.h */,
				39136B141CB049AF009E0448 /* ClipViewController.m */,
				39C1DD4F1CB97C040060E86A /* ClipLoadViewController.h */,
				39C1DD501CB97C040060E86A /* ClipLoadViewController.m */,
			);
			name = "View Controllers";
			sourceTree = "<group>";
		};
		395FC1261C7A927B00ED1E51 /* Scenes */ = {
			isa = PBXGroup;
			children = (
				395FC1231C7A90AA00ED1E51 /* TimelineScene.h */,
				395FC1241C7A90AA00ED1E51 /* TimelineScene.m */,
			);
			name = Scenes;
			sourceTree = "<group>";
		};
		3984D5DB1CB755E800BA025B /* TheAmazingAudioEngine */ = {
			isa = PBXGroup;
			children = (
				3984D5DC1CB755E800BA025B /* Core Types */,
				3984D5E51CB755E800BA025B /* Library */,
				3984D5EC1CB755E800BA025B /* Modules */,
				3984D6161CB755E800BA025B /* Outputs */,
				3984D6191CB755E800BA025B /* Renderers */,
				3984D61C1CB755E800BA025B /* TheAmazingAudioEngine.h */,
				3984D61D1CB755E800BA025B /* Utilities */,
			);
			path = TheAmazingAudioEngine;
			sourceTree = "<group>";
		};
		3984D5DC1CB755E800BA025B /* Core Types */ = {
			isa = PBXGroup;
			children = (
				3984D5DD1CB755E800BA025B /* AEArray.h */,
				3984D5DE1CB755E800BA025B /* AEArray.m */,
				3984D5DF1CB755E800BA025B /* AEBufferStack.h */,
				3984D5E01CB755E800BA025B /* AEBufferStack.m */,
				3984D5E11CB755E800BA025B /* AEManagedValue.h */,
				3984D5E21CB755E800BA025B /* AEManagedValue.m */,
				3984D5E31CB755E800BA025B /* AETypes.h */,
				3984D5E41CB755E800BA025B /* AETypes.m */,
			);
			path = "Core Types";
			sourceTree = "<group>";
		};
		3984D5E51CB755E800BA025B /* Library */ = {
			isa = PBXGroup;
			children = (
				3984D5E61CB755E800BA025B /* TPCircularBuffer */,
			);
			path = Library;
			sourceTree = "<group>";
		};
		3984D5E61CB755E800BA025B /* TPCircularBuffer */ = {
			isa = PBXGroup;
			children = (
				3984D5E71CB755E800BA025B /* README.markdown */,
				3984D5E81CB755E800BA025B /* TPCircularBuffer+AudioBufferList.c */,
				3984D5E91CB755E800BA025B /* TPCircularBuffer+AudioBufferList.h */,
				3984D5EA1CB755E800BA025B /* TPCircularBuffer.c */,
				3984D5EB1CB755E800BA025B /* TPCircularBuffer.h */,
			);
			path = TPCircularBuffer;
			sourceTree = "<group>";
		};
		3984D5EC1CB755E800BA025B /* Modules */ = {
			isa = PBXGroup;
			children = (
				3984D5ED1CB755E800BA025B /* AEAudioUnitModule.h */,
				3984D5EE1CB755E800BA025B /* AEAudioUnitModule.m */,
				3984D5EF1CB755E800BA025B /* AEModule.h */,
				3984D5F01CB755E800BA025B /* AEModule.m */,
				3984D5F11CB755E800BA025B /* Generation */,
				3984D5F81CB755E800BA025B /* Processing */,
				3984D6131CB755E800BA025B /* Taps */,
			);
			path = Modules;
			sourceTree = "<group>";
		};
		3984D5F11CB755E800BA025B /* Generation */ = {
			isa = PBXGroup;
			children = (
				3984D5F21CB755E800BA025B /* AEAudioFilePlayerModule.h */,
				3984D5F31CB755E800BA025B /* AEAudioFilePlayerModule.m */,
				3984D5F41CB755E800BA025B /* AEAudioUnitInputModule.h */,
				3984D5F51CB755E800BA025B /* AEAudioUnitInputModule.m */,
				3984D5F61CB755E800BA025B /* AEOscillatorModule.h */,
				3984D5F71CB755E800BA025B /* AEOscillatorModule.m */,
			);
			path = Generation;
			sourceTree = "<group>";
		};
		3984D5F81CB755E800BA025B /* Processing */ = {
			isa = PBXGroup;
			children = (
				3984D5F91CB755E800BA025B /* AEBandpassModule.h */,
				3984D5FA1CB755E800BA025B /* AEBandpassModule.m */,
				3984D5FB1CB755E800BA025B /* AEDelayModule.h */,
				3984D5FC1CB755E800BA025B /* AEDelayModule.m */,
				3984D5FD1CB755E800BA025B /* AEDistortionModule.h */,
				3984D5FE1CB755E800BA025B /* AEDistortionModule.m */,
				3984D5FF1CB755E800BA025B /* AEDynamicsProcessorModule.h */,
				3984D6001CB755E800BA025B /* AEDynamicsProcessorModule.m */,
				3984D6011CB755E800BA025B /* AEHighPassModule.h */,
				3984D6021CB755E800BA025B /* AEHighPassModule.m */,
				3984D6031CB755E800BA025B /* AEHighShelfModule.h */,
				3984D6041CB755E800BA025B /* AEHighShelfModule.m */,
				3984D6051CB755E800BA025B /* AELowPassModule.h */,
				3984D6061CB755E800BA025B /* AELowPassModule.m */,
				3984D6071CB755E800BA025B /* AELowShelfModule.h */,
				3984D6081CB755E800BA025B /* AELowShelfModule.m */,
				3984D6091CB755E800BA025B /* AENewTimePitchModule.h */,
				3984D60A1CB755E800BA025B /* AENewTimePitchModule.m */,
				3984D60B1CB755E800BA025B /* AEParametricEqModule.h */,
				3984D60C1CB755E800BA025B /* AEParametricEqModule.m */,
				3984D60D1CB755E800BA025B /* AEPeakLimiterModule.h */,
				3984D60E1CB755E800BA025B /* AEPeakLimiterModule.m */,
				3984D60F1CB755E800BA025B /* AEReverbModule.h */,
				3984D6101CB755E800BA025B /* AEReverbModule.m */,
				3984D6111CB755E800BA025B /* AEVarispeedModule.h */,
				3984D6121CB755E800BA025B /* AEVarispeedModule.m */,
			);
			path = Processing;
			sourceTree = "<group>";
		};
		3984D6131CB755E800BA025B /* Taps */ = {
			isa = PBXGroup;
			children = (
				3984D6141CB755E800BA025B /* AEFileRecorderModule.h */,
				3984D6151CB755E800BA025B /* AEFileRecorderModule.m */,
			);
			path = Taps;
			sourceTree = "<group>";
		};
		3984D6161CB755E800BA025B /* Outputs */ = {
			isa = PBXGroup;
			children = (
				3984D6171CB755E800BA025B /* AEAudioUnitOutput.h */,
				3984D6181CB755E800BA025B /* AEAudioUnitOutput.m */,
			);
			path = Outputs;
			sourceTree = "<group>";
		};
		3984D6191CB755E800BA025B /* Renderers */ = {
			isa = PBXGroup;
			children = (
				3984D61A1CB755E800BA025B /* AERenderer.h */,
				3984D61B1CB755E800BA025B /* AERenderer.m */,
			);
			path = Renderers;
			sourceTree = "<group>";
		};
		3984D61D1CB755E800BA025B /* Utilities */ = {
			isa = PBXGroup;
			children = (
				3984D61E1CB755E800BA025B /* AEAudioBufferListUtilities.h */,
				3984D61F1CB755E800BA025B /* AEAudioBufferListUtilities.m */,
				3984D6201CB755E800BA025B /* AEDSPUtilities.h */,
				3984D6211CB755E800BA025B /* AEDSPUtilities.m */,
				3984D6221CB755E800BA025B /* AEIOAudioUnit.h */,
				3984D6231CB755E800BA025B /* AEIOAudioUnit.m */,
				3984D6241CB755E800BA025B /* AEMessageQueue.h */,
				3984D6251CB755E800BA025B /* AEMessageQueue.m */,
				3984D6261CB755E800BA025B /* AETime.h */,
				3984D6271CB755E800BA025B /* AETime.m */,
				3984D6281CB755E800BA025B /* AEUtilities.h */,
				3984D6291CB755E800BA025B /* AEUtilities.m */,
			);
			path = Utilities;
			sourceTree = "<group>";
		};
		39C7412B1CA75427004EB1B3 /* AudioShareSDK */ = {
			isa = PBXGroup;
			children = (
				39C741281CA75423004EB1B3 /* AudioShareSDK.h */,
				39C741291CA75423004EB1B3 /* AudioShareSDK.m */,
			);
			name = AudioShareSDK;
			sourceTree = "<group>";
		};
		39EE44921CAAF219008B1502 /* Midibus */ = {
			isa = PBXGroup;
			children = (
				39EE44931CAAF219008B1502 /* libMidiBus.a */,
				39EE44941CAAF219008B1502 /* midibus.h */,
				39EE44951CAAF219008B1502 /* midibus_enums.h */,
				39EE44961CAAF219008B1502 /* MidiBusClient.h */,
				39EE44971CAAF219008B1502 /* MidiBusClient.m */,
				39EE44981CAAF219008B1502 /* omac_apps.plist */,
				39EE44991CAAF219008B1502 /* OMACApplicationRegistry.h */,
			);
			name = Midibus;
			path = Library;
			sourceTree = "<group>";
		};
		39F04E9B1CA498620048743A /* AudioFiles */ = {
			isa = PBXGroup;
			children = (
			);
			name = AudioFiles;
			sourceTree = "<group>";
		};
		4E18FE0D5D3749442ABDDBE6 /* Frameworks */ = {
			isa = PBXGroup;
			children = (
				395FC1211C7A906500ED1E51 /* SpriteKit.framework */,
				3904BAAA1CAC810E00275594 /* AudioToolbox.framework */,
				39C741231CA74A4A004EB1B3 /* MobileCoreServices.framework */,
			);
			name = Frameworks;
			sourceTree = "<group>";
		};
/* End PBXGroup section */

/* Begin PBXNativeTarget section */
		395FC0FF1C7A849C00ED1E51 /* Linus */ = {
			isa = PBXNativeTarget;
			buildConfigurationList = 395FC1171C7A849C00ED1E51 /* Build configuration list for PBXNativeTarget "Linus" */;
			buildPhases = (
				395FC0FC1C7A849C00ED1E51 /* Sources */,
				395FC0FD1C7A849C00ED1E51 /* Frameworks */,
				395FC0FE1C7A849C00ED1E51 /* Resources */,
			);
			buildRules = (
			);
			dependencies = (
			);
			name = Linus;
			productName = Linus;
			productReference = 395FC1001C7A849C00ED1E51 /* Linus.app */;
			productType = "com.apple.product-type.application";
		};
/* End PBXNativeTarget section */

/* Begin PBXProject section */
		395FC0F81C7A849C00ED1E51 /* Project object */ = {
			isa = PBXProject;
			attributes = {
				LastUpgradeCheck = 0720;
				ORGANIZATIONNAME = "Regis Verdin";
				TargetAttributes = {
					395FC0FF1C7A849C00ED1E51 = {
						CreatedOnToolsVersion = 7.2.1;
						DevelopmentTeam = 66RRVHUV28;
					};
				};
			};
			buildConfigurationList = 395FC0FB1C7A849C00ED1E51 /* Build configuration list for PBXProject "Linus" */;
			compatibilityVersion = "Xcode 3.2";
			developmentRegion = English;
			hasScannedForEncodings = 0;
			knownRegions = (
				en,
				Base,
			);
			mainGroup = 395FC0F71C7A849C00ED1E51;
			productRefGroup = 395FC1011C7A849C00ED1E51 /* Products */;
			projectDirPath = "";
			projectRoot = "";
			targets = (
				395FC0FF1C7A849C00ED1E51 /* Linus */,
			);
		};
/* End PBXProject section */

/* Begin PBXResourcesBuildPhase section */
		395FC0FE1C7A849C00ED1E51 /* Resources */ = {
			isa = PBXResourcesBuildPhase;
			buildActionMask = 2147483647;
			files = (
				39164F5D1CBA977F0032732D /* kick-oldschool.wav in Resources */,
				39164F9A1CBA977F0032732D /* tom-rototom.wav in Resources */,
				395FC1131C7A849C00ED1E51 /* LaunchScreen.storyboard in Resources */,
				39164F3B1CBA977F0032732D /* clap-crushed.wav in Resources */,
				39164F651CBA977F0032732D /* kick-tron.wav in Resources */,
				39164F5B1CBA977F0032732D /* kick-heavy.wav in Resources */,
				39164F7F1CBA977F0032732D /* snare-acoustic02.wav in Resources */,
				39164F551CBA977F0032732D /* kick-deep.wav in Resources */,
				39164F3F1CBA977F0032732D /* cowbell-808.wav in Resources */,
				39164F691CBA977F0032732D /* openhat-808.wav in Resources */,
				39164F751CBA977F0032732D /* perc-tambo.wav in Resources */,
				39164F7E1CBA977F0032732D /* snare-acoustic01.wav in Resources */,
				39164F6A1CBA977F0032732D /* openhat-acoustic01.wav in Resources */,
				39164F851CBA977F0032732D /* snare-dist02.wav in Resources */,
				39136B111CB04786009E0448 /* button.png in Resources */,
				39164F981CBA977F0032732D /* tom-fm.wav in Resources */,
				39164F931CBA977F0032732D /* tom-808.wav in Resources */,
				39164F501CBA977F0032732D /* kick-acoustic01.wav in Resources */,
				390986921CB84FAA001A1602 /* Loop2.mp3 in Resources */,
				39164F701CBA977F0032732D /* perc-hollow.wav in Resources */,
				39164F681CBA977F0032732D /* kick-zapper.wav in Resources */,
				39164F801CBA977F0032732D /* snare-analog.wav in Resources */,
				39164F921CBA977F0032732D /* snare-vinyl02.wav in Resources */,
				39164F621CBA977F0032732D /* kick-tape.wav in Resources */,
				39164F5F1CBA977F0032732D /* kick-slapback.wav in Resources */,
				39164F6C1CBA977F0032732D /* openhat-slick.wav in Resources */,
				395FC1101C7A849C00ED1E51 /* Assets.xcassets in Resources */,
				39164F8B1CBA977F0032732D /* snare-noise.wav in Resources */,
				39164F8C1CBA977F0032732D /* snare-pinch.wav in Resources */,
				39164F6E1CBA977F0032732D /* perc-808.wav in Resources */,
				39164F721CBA977F0032732D /* perc-metal.wav in Resources */,
				39164F4B1CBA977F0032732D /* hihat-electro.wav in Resources */,
				39164F841CBA977F0032732D /* snare-dist01.wav in Resources */,
				39164F761CBA977F0032732D /* perc-tribal.wav in Resources */,
				39164F3C1CBA977F0032732D /* clap-fat.wav in Resources */,
				39164F411CBA977F0032732D /* crash-acoustic.wav in Resources */,
				39164F781CBA977F0032732D /* ride-acoustic01.wav in Resources */,
				39164F581CBA977F0032732D /* kick-electro02.wav in Resources */,
				39164F441CBA977F0032732D /* hihat-808.wav in Resources */,
				39164F631CBA977F0032732D /* kick-thump.wav in Resources */,
				39164F791CBA977F0032732D /* ride-acoustic02.wav in Resources */,
				39164F641CBA977F0032732D /* kick-tight.wav in Resources */,
				39164F911CBA977F0032732D /* snare-vinyl01.wav in Resources */,
				39164F481CBA977F0032732D /* hihat-digital.wav in Resources */,
				399BD59C1CA99E5A00D48AD0 /* Loop.mp3 in Resources */,
				39164F971CBA977F0032732D /* tom-chiptune.wav in Resources */,
				39164F401CBA977F0032732D /* crash-808.wav in Resources */,
				39164F4F1CBA977F0032732D /* kick-808.wav in Resources */,
				39164F991CBA977F0032732D /* tom-lofi.wav in Resources */,
				39164F7A1CBA977F0032732D /* shaker-analog.wav in Resources */,
				39164F881CBA977F0032732D /* snare-lofi01.wav in Resources */,
				39164F6F1CBA977F0032732D /* perc-chirpy.wav in Resources */,
				39164F491CBA977F0032732D /* hihat-dist01.wav in Resources */,
				39164F391CBA977F0032732D /* clap-808.wav in Resources */,
				39164F3D1CBA977F0032732D /* clap-slapper.wav in Resources */,
				39164F7B1CBA977F0032732D /* shaker-shuffle.wav in Resources */,
				39164F3E1CBA977F0032732D /* clap-tape.wav in Resources */,
				39164F601CBA977F0032732D /* kick-softy.wav in Resources */,
				39164F6B1CBA977F0032732D /* openhat-analog.wav in Resources */,
				39164F771CBA977F0032732D /* perc-weirdo.wav in Resources */,
				39164F421CBA977F0032732D /* crash-noise.wav in Resources */,
				39164F811CBA977F0032732D /* snare-big.wav in Resources */,
				39164F4C1CBA977F0032732D /* hihat-plain.wav in Resources */,
				39164F7C1CBA977F0032732D /* shaker-suckup.wav in Resources */,
				39164F471CBA977F0032732D /* hihat-analog.wav in Resources */,
				39164F901CBA977F0032732D /* snare-tape.wav in Resources */,
				39164F611CBA977F0032732D /* kick-stomp.wav in Resources */,
				39164F5A1CBA977F0032732D /* kick-gritty.wav in Resources */,
				39164F7D1CBA977F0032732D /* snare-808.wav in Resources */,
				39164F4A1CBA977F0032732D /* hihat-dist02.wav in Resources */,
				39164F961CBA977F0032732D /* tom-analog.wav in Resources */,
				39164F731CBA977F0032732D /* perc-nasty.wav in Resources */,
				39164F8E1CBA977F0032732D /* snare-smasher.wav in Resources */,
				39164F671CBA977F0032732D /* kick-vinyl02.wav in Resources */,
				39164F891CBA977F0032732D /* snare-lofi02.wav in Resources */,
				39164F451CBA977F0032732D /* hihat-acoustic01.wav in Resources */,
				39164F661CBA977F0032732D /* kick-vinyl01.wav in Resources */,
				39164F8D1CBA977F0032732D /* snare-punch.wav in Resources */,
				39164F9B1CBA977F0032732D /* tom-short.wav in Resources */,
				39164F431CBA977F0032732D /* crash-tape.wav in Resources */,
				39164F861CBA977F0032732D /* snare-dist03.wav in Resources */,
				39164F571CBA977F0032732D /* kick-electro01.wav in Resources */,
				39164F531CBA977F0032732D /* kick-classic.wav in Resources */,
				39164F3A1CBA977F0032732D /* clap-analog.wav in Resources */,
				39164F941CBA977F0032732D /* tom-acoustic01.wav in Resources */,
				39164F831CBA977F0032732D /* snare-brute.wav in Resources */,
				39164F541CBA977F0032732D /* kick-cultivator.wav in Resources */,
				395FC10E1C7A849C00ED1E51 /* Main.storyboard in Resources */,
				39164F511CBA977F0032732D /* kick-acoustic02.wav in Resources */,
				39164F561CBA977F0032732D /* kick-dry.wav in Resources */,
				39164F5C1CBA977F0032732D /* kick-newwave.wav in Resources */,
				39164F521CBA977F0032732D /* kick-big.wav in Resources */,
				39164F711CBA977F0032732D /* perc-laser.wav in Resources */,
				39164F5E1CBA977F0032732D /* kick-plain.wav in Resources */,
				39164F8A1CBA977F0032732D /* snare-modular.wav in Resources */,
				39164F8F1CBA977F0032732D /* snare-sumo.wav in Resources */,
				39EE449C1CAAF219008B1502 /* omac_apps.plist in Resources */,
				39164F591CBA977F0032732D /* kick-floppy.wav in Resources */,
				39164F951CBA977F0032732D /* tom-acoustic02.wav in Resources */,
				39164F4E1CBA977F0032732D /* hihat-ring.wav in Resources */,
				39164F6D1CBA977F0032732D /* openhat-tight.wav in Resources */,
				39164F4D1CBA977F0032732D /* hihat-reso.wav in Resources */,
				39164F461CBA977F0032732D /* hihat-acoustic02.wav in Resources */,
				39164F821CBA977F0032732D /* snare-block.wav in Resources */,
				39164F741CBA977F0032732D /* perc-short.wav in Resources */,
				39164F871CBA977F0032732D /* snare-electro.wav in Resources */,
			);
			runOnlyForDeploymentPostprocessing = 0;
		};
/* End PBXResourcesBuildPhase section */

/* Begin PBXSourcesBuildPhase section */
		395FC0FC1C7A849C00ED1E51 /* Sources */ = {
			isa = PBXSourcesBuildPhase;
			buildActionMask = 2147483647;
			files = (
				3984D62A1CB755E800BA025B /* AEArray.m in Sources */,
				3984D6381CB755E800BA025B /* AEDistortionModule.m in Sources */,
				3984D6391CB755E800BA025B /* AEDynamicsProcessorModule.m in Sources */,
				3984D6331CB755E800BA025B /* AEAudioFilePlayerModule.m in Sources */,
				3984D6461CB755E800BA025B /* AEAudioBufferListUtilities.m in Sources */,
				3984D6341CB755E800BA025B /* AEAudioUnitInputModule.m in Sources */,
				3984D62C1CB755E800BA025B /* AEManagedValue.m in Sources */,
				39C1DD511CB97C040060E86A /* ClipLoadViewController.m in Sources */,
				3984D6491CB755E800BA025B /* AEMessageQueue.m in Sources */,
				3984D63E1CB755E800BA025B /* AENewTimePitchModule.m in Sources */,
				3984D63F1CB755E800BA025B /* AEParametricEqModule.m in Sources */,
				395FC10B1C7A849C00ED1E51 /* ViewController.m in Sources */,
				395FC1251C7A90AA00ED1E51 /* TimelineScene.m in Sources */,
				3984D63B1CB755E800BA025B /* AEHighShelfModule.m in Sources */,
				39EE449B1CAAF219008B1502 /* MidiBusClient.m in Sources */,
				3984D64B1CB755E800BA025B /* AEUtilities.m in Sources */,
				3984D6371CB755E800BA025B /* AEDelayModule.m in Sources */,
				3984D6351CB755E800BA025B /* AEOscillatorModule.m in Sources */,
				3984D63A1CB755E800BA025B /* AEHighPassModule.m in Sources */,
				3984D6481CB755E800BA025B /* AEIOAudioUnit.m in Sources */,
				395FC11C1C7A900A00ED1E51 /* TimelineViewController.m in Sources */,
				3984D6421CB755E800BA025B /* AEVarispeedModule.m in Sources */,
				395FC1081C7A849C00ED1E51 /* AppDelegate.m in Sources */,
				3984D63C1CB755E800BA025B /* AELowPassModule.m in Sources */,
				3984D6361CB755E800BA025B /* AEBandpassModule.m in Sources */,
				3984D6451CB755E800BA025B /* AERenderer.m in Sources */,
				3984D62B1CB755E800BA025B /* AEBufferStack.m in Sources */,
				3984D6431CB755E800BA025B /* AEFileRecorderModule.m in Sources */,
				3984D6401CB755E800BA025B /* AEPeakLimiterModule.m in Sources */,
				3984D6301CB755E800BA025B /* TPCircularBuffer.c in Sources */,
				3984D6471CB755E800BA025B /* AEDSPUtilities.m in Sources */,
				39134AAA1C8E4B6600E5D83E /* TimelineModel.m in Sources */,
				395FC1051C7A849C00ED1E51 /* main.m in Sources */,
				39134AAE1C8E66B200E5D83E /* TimePoint.m in Sources */,
				3984D6311CB755E800BA025B /* AEAudioUnitModule.m in Sources */,
				39C7412A1CA75423004EB1B3 /* AudioShareSDK.m in Sources */,
				391291751CA3364200C7D295 /* TrackModel.m in Sources */,
				39BD5FCC1CB743AC007CB634 /* AudioController.m in Sources */,
				39136B151CB049AF009E0448 /* ClipViewController.m in Sources */,
				3984D62D1CB755E800BA025B /* AETypes.m in Sources */,
				3984D6321CB755E800BA025B /* AEModule.m in Sources */,
				3984D63D1CB755E800BA025B /* AELowShelfModule.m in Sources */,
				3984D6411CB755E800BA025B /* AEReverbModule.m in Sources */,
				3984D62E1CB755E800BA025B /* README.markdown in Sources */,
				3984D6441CB755E800BA025B /* AEAudioUnitOutput.m in Sources */,
				3984D64A1CB755E800BA025B /* AETime.m in Sources */,
				3984D62F1CB755E800BA025B /* TPCircularBuffer+AudioBufferList.c in Sources */,
			);
			runOnlyForDeploymentPostprocessing = 0;
		};
/* End PBXSourcesBuildPhase section */

/* Begin PBXVariantGroup section */
		395FC10C1C7A849C00ED1E51 /* Main.storyboard */ = {
			isa = PBXVariantGroup;
			children = (
				395FC10D1C7A849C00ED1E51 /* Base */,
			);
			name = Main.storyboard;
			sourceTree = "<group>";
		};
		395FC1111C7A849C00ED1E51 /* LaunchScreen.storyboard */ = {
			isa = PBXVariantGroup;
			children = (
				395FC1121C7A849C00ED1E51 /* Base */,
			);
			name = LaunchScreen.storyboard;
			sourceTree = "<group>";
		};
/* End PBXVariantGroup section */

/* Begin XCBuildConfiguration section */
		395FC1151C7A849C00ED1E51 /* Debug */ = {
			isa = XCBuildConfiguration;
			buildSettings = {
				ALWAYS_SEARCH_USER_PATHS = NO;
				CLANG_CXX_LANGUAGE_STANDARD = "gnu++0x";
				CLANG_CXX_LIBRARY = "libc++";
				CLANG_ENABLE_MODULES = YES;
				CLANG_ENABLE_OBJC_ARC = YES;
				CLANG_WARN_BOOL_CONVERSION = YES;
				CLANG_WARN_CONSTANT_CONVERSION = YES;
				CLANG_WARN_DIRECT_OBJC_ISA_USAGE = YES_ERROR;
				CLANG_WARN_EMPTY_BODY = YES;
				CLANG_WARN_ENUM_CONVERSION = YES;
				CLANG_WARN_INT_CONVERSION = YES;
				CLANG_WARN_OBJC_ROOT_CLASS = YES_ERROR;
				CLANG_WARN_UNREACHABLE_CODE = YES;
				CLANG_WARN__DUPLICATE_METHOD_MATCH = YES;
				"CODE_SIGN_IDENTITY[sdk=iphoneos*]" = "iPhone Developer";
				COPY_PHASE_STRIP = NO;
				DEBUG_INFORMATION_FORMAT = dwarf;
				ENABLE_STRICT_OBJC_MSGSEND = YES;
				ENABLE_TESTABILITY = YES;
				GCC_C_LANGUAGE_STANDARD = gnu99;
				GCC_DYNAMIC_NO_PIC = NO;
				GCC_NO_COMMON_BLOCKS = YES;
				GCC_OPTIMIZATION_LEVEL = 0;
				GCC_PREPROCESSOR_DEFINITIONS = (
					"DEBUG=1",
					"$(inherited)",
				);
				GCC_WARN_64_TO_32_BIT_CONVERSION = YES;
				GCC_WARN_ABOUT_RETURN_TYPE = YES_ERROR;
				GCC_WARN_UNDECLARED_SELECTOR = YES;
				GCC_WARN_UNINITIALIZED_AUTOS = YES_AGGRESSIVE;
				GCC_WARN_UNUSED_FUNCTION = YES;
				GCC_WARN_UNUSED_VARIABLE = YES;
				IPHONEOS_DEPLOYMENT_TARGET = 9.2;
				MTL_ENABLE_DEBUG_INFO = YES;
				ONLY_ACTIVE_ARCH = YES;
				SDKROOT = iphoneos;
				TARGETED_DEVICE_FAMILY = 2;
			};
			name = Debug;
		};
		395FC1161C7A849C00ED1E51 /* Release */ = {
			isa = XCBuildConfiguration;
			buildSettings = {
				ALWAYS_SEARCH_USER_PATHS = NO;
				CLANG_CXX_LANGUAGE_STANDARD = "gnu++0x";
				CLANG_CXX_LIBRARY = "libc++";
				CLANG_ENABLE_MODULES = YES;
				CLANG_ENABLE_OBJC_ARC = YES;
				CLANG_WARN_BOOL_CONVERSION = YES;
				CLANG_WARN_CONSTANT_CONVERSION = YES;
				CLANG_WARN_DIRECT_OBJC_ISA_USAGE = YES_ERROR;
				CLANG_WARN_EMPTY_BODY = YES;
				CLANG_WARN_ENUM_CONVERSION = YES;
				CLANG_WARN_INT_CONVERSION = YES;
				CLANG_WARN_OBJC_ROOT_CLASS = YES_ERROR;
				CLANG_WARN_UNREACHABLE_CODE = YES;
				CLANG_WARN__DUPLICATE_METHOD_MATCH = YES;
				"CODE_SIGN_IDENTITY[sdk=iphoneos*]" = "iPhone Developer";
				COPY_PHASE_STRIP = NO;
				DEBUG_INFORMATION_FORMAT = "dwarf-with-dsym";
				ENABLE_NS_ASSERTIONS = NO;
				ENABLE_STRICT_OBJC_MSGSEND = YES;
				GCC_C_LANGUAGE_STANDARD = gnu99;
				GCC_NO_COMMON_BLOCKS = YES;
				GCC_WARN_64_TO_32_BIT_CONVERSION = YES;
				GCC_WARN_ABOUT_RETURN_TYPE = YES_ERROR;
				GCC_WARN_UNDECLARED_SELECTOR = YES;
				GCC_WARN_UNINITIALIZED_AUTOS = YES_AGGRESSIVE;
				GCC_WARN_UNUSED_FUNCTION = YES;
				GCC_WARN_UNUSED_VARIABLE = YES;
				IPHONEOS_DEPLOYMENT_TARGET = 9.2;
				MTL_ENABLE_DEBUG_INFO = NO;
				SDKROOT = iphoneos;
				TARGETED_DEVICE_FAMILY = 2;
				VALIDATE_PRODUCT = YES;
			};
			name = Release;
		};
		395FC1181C7A849C00ED1E51 /* Debug */ = {
			isa = XCBuildConfiguration;
			buildSettings = {
				ASSETCATALOG_COMPILER_APPICON_NAME = AppIcon;
				CODE_SIGN_IDENTITY = "iPhone Developer";
				"CODE_SIGN_IDENTITY[sdk=iphoneos*]" = "iPhone Developer";
				ENABLE_BITCODE = NO;
				INFOPLIST_FILE = Linus/Info.plist;
				LD_RUNPATH_SEARCH_PATHS = "$(inherited) @executable_path/Frameworks";
				LIBRARY_SEARCH_PATHS = (
					"$(inherited)",
					"$(PROJECT_DIR)/Linus",
					"$(PROJECT_DIR)/Linus/Library",
				);
				PRODUCT_BUNDLE_IDENTIFIER = com.rv.Linus;
				PRODUCT_NAME = "$(TARGET_NAME)";
				PROVISIONING_PROFILE = "";
			};
			name = Debug;
		};
		395FC1191C7A849C00ED1E51 /* Release */ = {
			isa = XCBuildConfiguration;
			buildSettings = {
				ASSETCATALOG_COMPILER_APPICON_NAME = AppIcon;
				CODE_SIGN_IDENTITY = "iPhone Developer";
				"CODE_SIGN_IDENTITY[sdk=iphoneos*]" = "iPhone Developer";
				ENABLE_BITCODE = NO;
				INFOPLIST_FILE = Linus/Info.plist;
				LD_RUNPATH_SEARCH_PATHS = "$(inherited) @executable_path/Frameworks";
				LIBRARY_SEARCH_PATHS = (
					"$(inherited)",
					"$(PROJECT_DIR)/Linus",
					"$(PROJECT_DIR)/Linus/Library",
				);
				PRODUCT_BUNDLE_IDENTIFIER = com.rv.Linus;
				PRODUCT_NAME = "$(TARGET_NAME)";
				PROVISIONING_PROFILE = "";
			};
			name = Release;
		};
/* End XCBuildConfiguration section */

/* Begin XCConfigurationList section */
		395FC0FB1C7A849C00ED1E51 /* Build configuration list for PBXProject "Linus" */ = {
			isa = XCConfigurationList;
			buildConfigurations = (
				395FC1151C7A849C00ED1E51 /* Debug */,
				395FC1161C7A849C00ED1E51 /* Release */,
			);
			defaultConfigurationIsVisible = 0;
			defaultConfigurationName = Release;
		};
		395FC1171C7A849C00ED1E51 /* Build configuration list for PBXNativeTarget "Linus" */ = {
			isa = XCConfigurationList;
			buildConfigurations = (
				395FC1181C7A849C00ED1E51 /* Debug */,
				395FC1191C7A849C00ED1E51 /* Release */,
			);
			defaultConfigurationIsVisible = 0;
			defaultConfigurationName = Release;
		};
/* End XCConfigurationList section */
	};
	rootObject = 395FC0F81C7A849C00ED1E51 /* Project object */;
}
